// !$*UTF8*$!
{
	archiveVersion = 1;
	classes = {
	};
	objectVersion = 46;
	objects = {

/* Begin PBXBuildFile section */
		FC05E09612D6E4E8002D9843 /* GitHubBaseFactory.m in Sources */ = {isa = PBXBuildFile; fileRef = FC05E05212D6E4E7002D9843 /* GitHubBaseFactory.m */; };
		FC05E09712D6E4E8002D9843 /* GitHubServiceSettings.m in Sources */ = {isa = PBXBuildFile; fileRef = FC05E05312D6E4E7002D9843 /* GitHubServiceSettings.m */; };
		FC05E09812D6E4E8002D9843 /* GitHubCommitImp.m in Sources */ = {isa = PBXBuildFile; fileRef = FC05E05612D6E4E7002D9843 /* GitHubCommitImp.m */; };
		FC05E09912D6E4E8002D9843 /* GitHubCommitFactory.m in Sources */ = {isa = PBXBuildFile; fileRef = FC05E05812D6E4E7002D9843 /* GitHubCommitFactory.m */; };
		FC05E09A12D6E4E8002D9843 /* GitHubCommitServiceFactory.m in Sources */ = {isa = PBXBuildFile; fileRef = FC05E05912D6E4E7002D9843 /* GitHubCommitServiceFactory.m */; };
		FC05E09B12D6E4E8002D9843 /* GitHubIssueImp.m in Sources */ = {isa = PBXBuildFile; fileRef = FC05E05C12D6E4E7002D9843 /* GitHubIssueImp.m */; };
		FC05E09C12D6E4E8002D9843 /* GitHubCommentImp.m in Sources */ = {isa = PBXBuildFile; fileRef = FC05E05E12D6E4E7002D9843 /* GitHubCommentImp.m */; };
		FC05E09D12D6E4E8002D9843 /* GitHubIssueFactory.m in Sources */ = {isa = PBXBuildFile; fileRef = FC05E06012D6E4E7002D9843 /* GitHubIssueFactory.m */; };
		FC05E09E12D6E4E8002D9843 /* GitHubLabelFactory.m in Sources */ = {isa = PBXBuildFile; fileRef = FC05E06212D6E4E7002D9843 /* GitHubLabelFactory.m */; };
		FC05E09F12D6E4E8002D9843 /* GitHubCommentFactory.m in Sources */ = {isa = PBXBuildFile; fileRef = FC05E06412D6E4E7002D9843 /* GitHubCommentFactory.m */; };
		FC05E0A012D6E4E8002D9843 /* GitHubIssueServiceFactory.m in Sources */ = {isa = PBXBuildFile; fileRef = FC05E06512D6E4E7002D9843 /* GitHubIssueServiceFactory.m */; };
		FC05E0A112D6E4E8002D9843 /* GitHubTreeItemImp.m in Sources */ = {isa = PBXBuildFile; fileRef = FC05E06812D6E4E7002D9843 /* GitHubTreeItemImp.m */; };
		FC05E0A212D6E4E8002D9843 /* GitHubBlobImp.m in Sources */ = {isa = PBXBuildFile; fileRef = FC05E06A12D6E4E8002D9843 /* GitHubBlobImp.m */; };
		FC05E0A312D6E4E8002D9843 /* GitHubDataFactory.m in Sources */ = {isa = PBXBuildFile; fileRef = FC05E06C12D6E4E8002D9843 /* GitHubDataFactory.m */; };
		FC05E0A412D6E4E8002D9843 /* GitHubBlobFactory.m in Sources */ = {isa = PBXBuildFile; fileRef = FC05E06E12D6E4E8002D9843 /* GitHubBlobFactory.m */; };
		FC05E0A512D6E4E8002D9843 /* GitHubTreeItemFactory.m in Sources */ = {isa = PBXBuildFile; fileRef = FC05E07012D6E4E8002D9843 /* GitHubTreeItemFactory.m */; };
		FC05E0A612D6E4E8002D9843 /* GitHubObjectServiceFactory.m in Sources */ = {isa = PBXBuildFile; fileRef = FC05E07112D6E4E8002D9843 /* GitHubObjectServiceFactory.m */; };
		FC05E0A712D6E4E8002D9843 /* GitHubBranchImp.m in Sources */ = {isa = PBXBuildFile; fileRef = FC05E07412D6E4E8002D9843 /* GitHubBranchImp.m */; };
		FC05E0A812D6E4E8002D9843 /* GitHubContributorImp.m in Sources */ = {isa = PBXBuildFile; fileRef = FC05E07612D6E4E8002D9843 /* GitHubContributorImp.m */; };
		FC05E0A912D6E4E8002D9843 /* GitHubRepositoryImp.m in Sources */ = {isa = PBXBuildFile; fileRef = FC05E07812D6E4E8002D9843 /* GitHubRepositoryImp.m */; };
		FC05E0AA12D6E4E8002D9843 /* GitHubTagImp.m in Sources */ = {isa = PBXBuildFile; fileRef = FC05E07A12D6E4E8002D9843 /* GitHubTagImp.m */; };
		FC05E0AB12D6E4E8002D9843 /* GitHubRepositoryFactory.m in Sources */ = {isa = PBXBuildFile; fileRef = FC05E07C12D6E4E8002D9843 /* GitHubRepositoryFactory.m */; };
		FC05E0AC12D6E4E8002D9843 /* GitHubCollaboratorFactory.m in Sources */ = {isa = PBXBuildFile; fileRef = FC05E07E12D6E4E8002D9843 /* GitHubCollaboratorFactory.m */; };
		FC05E0AD12D6E4E8002D9843 /* GitHubWatcherFactory.m in Sources */ = {isa = PBXBuildFile; fileRef = FC05E08012D6E4E8002D9843 /* GitHubWatcherFactory.m */; };
		FC05E0AE12D6E4E8002D9843 /* GitHubContributorFactory.m in Sources */ = {isa = PBXBuildFile; fileRef = FC05E08212D6E4E8002D9843 /* GitHubContributorFactory.m */; };
		FC05E0AF12D6E4E8002D9843 /* GitHubBranchFactory.m in Sources */ = {isa = PBXBuildFile; fileRef = FC05E08412D6E4E8002D9843 /* GitHubBranchFactory.m */; };
		FC05E0B012D6E4E8002D9843 /* GitHubTagFactory.m in Sources */ = {isa = PBXBuildFile; fileRef = FC05E08612D6E4E8002D9843 /* GitHubTagFactory.m */; };
		FC05E0B112D6E4E8002D9843 /* GitHubRepositoryPoster.m in Sources */ = {isa = PBXBuildFile; fileRef = FC05E08812D6E4E8002D9843 /* GitHubRepositoryPoster.m */; };
		FC05E0B212D6E4E8002D9843 /* GitHubRepositoryServiceFactory.m in Sources */ = {isa = PBXBuildFile; fileRef = FC05E08912D6E4E8002D9843 /* GitHubRepositoryServiceFactory.m */; };
		FC05E0B312D6E4E8002D9843 /* GitHubUserImp.m in Sources */ = {isa = PBXBuildFile; fileRef = FC05E08C12D6E4E8002D9843 /* GitHubUserImp.m */; };
		FC05E0B412D6E4E8002D9843 /* GitHubUserFactory.m in Sources */ = {isa = PBXBuildFile; fileRef = FC05E08E12D6E4E8002D9843 /* GitHubUserFactory.m */; };
		FC05E0B512D6E4E8002D9843 /* GitHubUserNameFactory.m in Sources */ = {isa = PBXBuildFile; fileRef = FC05E09012D6E4E8002D9843 /* GitHubUserNameFactory.m */; };
		FC05E0B612D6E4E8002D9843 /* GitHubUserSearchFactory.m in Sources */ = {isa = PBXBuildFile; fileRef = FC05E09212D6E4E8002D9843 /* GitHubUserSearchFactory.m */; };
		FC05E0B712D6E4E8002D9843 /* GitHubUserPoster.m in Sources */ = {isa = PBXBuildFile; fileRef = FC05E09412D6E4E8002D9843 /* GitHubUserPoster.m */; };
		FC05E0B812D6E4E8002D9843 /* GitHubUserServiceFactory.m in Sources */ = {isa = PBXBuildFile; fileRef = FC05E09512D6E4E8002D9843 /* GitHubUserServiceFactory.m */; };
		FC1D782812D7F65F00AA4AB1 /* GHReposTableModel.m in Sources */ = {isa = PBXBuildFile; fileRef = FC1D782712D7F65F00AA4AB1 /* GHReposTableModel.m */; };
		FC1D78D112D7FCC000AA4AB1 /* UITableViewCell+Extension.m in Sources */ = {isa = PBXBuildFile; fileRef = FC1D78D012D7FCC000AA4AB1 /* UITableViewCell+Extension.m */; };
		FC1D78EF12D7FE1A00AA4AB1 /* GHTableViewController.m in Sources */ = {isa = PBXBuildFile; fileRef = FC1D78EE12D7FE1A00AA4AB1 /* GHTableViewController.m */; };
		FC1D7A1912D8050000AA4AB1 /* GHCommitsTableModel.m in Sources */ = {isa = PBXBuildFile; fileRef = FC1D7A1812D8050000AA4AB1 /* GHCommitsTableModel.m */; };
		FC1D7A2712D806B700AA4AB1 /* GHCommitsTableViewController.m in Sources */ = {isa = PBXBuildFile; fileRef = FC1D7A2612D806B700AA4AB1 /* GHCommitsTableViewController.m */; };
		FC1D7C0612D8145000AA4AB1 /* QuartzCore.framework in Frameworks */ = {isa = PBXBuildFile; fileRef = FC1D7C0512D8145000AA4AB1 /* QuartzCore.framework */; };
		FC1D7D4612D8460100AA4AB1 /* navigation_bar2.png in Resources */ = {isa = PBXBuildFile; fileRef = FC1D7D4512D8460100AA4AB1 /* navigation_bar2.png */; };
		FC32580A12D6738E00EB47A3 /* UIKit.framework in Frameworks */ = {isa = PBXBuildFile; fileRef = FC32580912D6738E00EB47A3 /* UIKit.framework */; };
		FC32580C12D6738E00EB47A3 /* Foundation.framework in Frameworks */ = {isa = PBXBuildFile; fileRef = FC32580B12D6738E00EB47A3 /* Foundation.framework */; };
		FC32580E12D6738E00EB47A3 /* CoreGraphics.framework in Frameworks */ = {isa = PBXBuildFile; fileRef = FC32580D12D6738E00EB47A3 /* CoreGraphics.framework */; };
		FC32581312D6738E00EB47A3 /* InfoPlist.strings in Resources */ = {isa = PBXBuildFile; fileRef = FC32581112D6738E00EB47A3 /* InfoPlist.strings */; };
		FC32581512D6738E00EB47A3 /* Githood-main.m in Sources */ = {isa = PBXBuildFile; fileRef = FC32581412D6738E00EB47A3 /* Githood-main.m */; };
		FC32581812D6738E00EB47A3 /* AppDelegate.m in Sources */ = {isa = PBXBuildFile; fileRef = FC32581712D6738E00EB47A3 /* AppDelegate.m */; };
		FC32581B12D6738E00EB47A3 /* MainWindow.xib in Resources */ = {isa = PBXBuildFile; fileRef = FC32581912D6738E00EB47A3 /* MainWindow.xib */; };
		FC32581E12D6738E00EB47A3 /* GHReposTableViewController.m in Sources */ = {isa = PBXBuildFile; fileRef = FC32581D12D6738E00EB47A3 /* GHReposTableViewController.m */; };
		FC32582912D6738E00EB47A3 /* UIKit.framework in Frameworks */ = {isa = PBXBuildFile; fileRef = FC32580912D6738E00EB47A3 /* UIKit.framework */; };
		FC32582A12D6738E00EB47A3 /* Foundation.framework in Frameworks */ = {isa = PBXBuildFile; fileRef = FC32580B12D6738E00EB47A3 /* Foundation.framework */; };
		FC32582B12D6738E00EB47A3 /* CoreGraphics.framework in Frameworks */ = {isa = PBXBuildFile; fileRef = FC32580D12D6738E00EB47A3 /* CoreGraphics.framework */; };
		FC32582F12D6738E00EB47A3 /* InfoPlist.strings in Resources */ = {isa = PBXBuildFile; fileRef = FC32582E12D6738E00EB47A3 /* InfoPlist.strings */; };
		FC32583112D6738E00EB47A3 /* GithoodTests.h in Resources */ = {isa = PBXBuildFile; fileRef = FC32583012D6738E00EB47A3 /* GithoodTests.h */; };
		FC32583312D6738E00EB47A3 /* GithoodTests.m in Sources */ = {isa = PBXBuildFile; fileRef = FC32583212D6738E00EB47A3 /* GithoodTests.m */; };
		FC39275A12D67A2500F5A82A /* navigation_bar.png in Resources */ = {isa = PBXBuildFile; fileRef = FC39275912D67A2500F5A82A /* navigation_bar.png */; };
		FC3927FC12D69FC500F5A82A /* LRTableModelEvent.m in Sources */ = {isa = PBXBuildFile; fileRef = FC3927F812D69FC500F5A82A /* LRTableModelEvent.m */; };
		FC3927FD12D69FC500F5A82A /* LRAbstractTableModel.m in Sources */ = {isa = PBXBuildFile; fileRef = FC3927FB12D69FC500F5A82A /* LRAbstractTableModel.m */; };
		FC39281112D6A0CB00F5A82A /* GHTableModel.m in Sources */ = {isa = PBXBuildFile; fileRef = FC39281012D6A0CB00F5A82A /* GHTableModel.m */; };
		FC40113012DD623C0050B3E1 /* GHStatusBarButtonController.m in Sources */ = {isa = PBXBuildFile; fileRef = FC40112F12DD623C0050B3E1 /* GHStatusBarButtonController.m */; };
		FC40113212DD63C70050B3E1 /* GHCountStatusItemController.xib in Resources */ = {isa = PBXBuildFile; fileRef = FC40113112DD63C70050B3E1 /* GHCountStatusItemController.xib */; };
		FC40113A12DD671D0050B3E1 /* GHCountStatusItemController.m in Sources */ = {isa = PBXBuildFile; fileRef = FC40113912DD671D0050B3E1 /* GHCountStatusItemController.m */; };
		FC40113D12DD78700050B3E1 /* GHRefreshController.m in Sources */ = {isa = PBXBuildFile; fileRef = FC40113C12DD78700050B3E1 /* GHRefreshController.m */; };
		FC40114212DD81B10050B3E1 /* GHChangesStatusItemController.m in Sources */ = {isa = PBXBuildFile; fileRef = FC40114012DD81B10050B3E1 /* GHChangesStatusItemController.m */; };
		FC40114712DD837B0050B3E1 /* GHChangesStatusItemController.xib in Resources */ = {isa = PBXBuildFile; fileRef = FC40114612DD837B0050B3E1 /* GHChangesStatusItemController.xib */; };
		FC4E4CAF12DEF9020009C77F /* GHWebView.m in Sources */ = {isa = PBXBuildFile; fileRef = FC4E4CAE12DEF9020009C77F /* GHWebView.m */; };
		FC63C8F112DEDFEA00C3FF5C /* GHDiffViewController.m in Sources */ = {isa = PBXBuildFile; fileRef = FC63C8EF12DEDFEA00C3FF5C /* GHDiffViewController.m */; };
		FC63C8F212DEDFEA00C3FF5C /* GHDiffViewController.xib in Resources */ = {isa = PBXBuildFile; fileRef = FC63C8F012DEDFEA00C3FF5C /* GHDiffViewController.xib */; };
		FC63C8F412DEE30000C3FF5C /* diff.template.html in Resources */ = {isa = PBXBuildFile; fileRef = FC63C8F312DEE30000C3FF5C /* diff.template.html */; };
		FC74FD7F12E0E30500D13BF6 /* AudioToolbox.framework in Frameworks */ = {isa = PBXBuildFile; fileRef = FC74FD7E12E0E30500D13BF6 /* AudioToolbox.framework */; };
		FC74FD8212E0EFE000D13BF6 /* GHDiffStatusItemController.m in Sources */ = {isa = PBXBuildFile; fileRef = FC74FD8112E0EFE000D13BF6 /* GHDiffStatusItemController.m */; };
		FC74FD8412E0F0ED00D13BF6 /* GHDiffStatusItemController.xib in Resources */ = {isa = PBXBuildFile; fileRef = FC74FD8312E0F0ED00D13BF6 /* GHDiffStatusItemController.xib */; };
		FC7F763C12DE320B00BD23BB /* 261.png in Resources */ = {isa = PBXBuildFile; fileRef = FC7F763B12DE320B00BD23BB /* 261.png */; };
		FC7F763F12DE323500BD23BB /* UIBarButtonItem+Custom.m in Sources */ = {isa = PBXBuildFile; fileRef = FC7F763E12DE323500BD23BB /* UIBarButtonItem+Custom.m */; };
		FC7F764112DE382A00BD23BB /* 262.png in Resources */ = {isa = PBXBuildFile; fileRef = FC7F764012DE382A00BD23BB /* 262.png */; };
		FC7F764412DE3A7900BD23BB /* GHSettingsViewController.m in Sources */ = {isa = PBXBuildFile; fileRef = FC7F764312DE3A7900BD23BB /* GHSettingsViewController.m */; };
		FC7F764D12DE462E00BD23BB /* GHStyler.m in Sources */ = {isa = PBXBuildFile; fileRef = FC7F764C12DE462E00BD23BB /* GHStyler.m */; };
		FC7F765C12DE4A5900BD23BB /* GHGroupedTableView.m in Sources */ = {isa = PBXBuildFile; fileRef = FC7F765B12DE4A5900BD23BB /* GHGroupedTableView.m */; };
		FC7F765E12DE5BCA00BD23BB /* 262@2x.png in Resources */ = {isa = PBXBuildFile; fileRef = FC7F765D12DE5BCA00BD23BB /* 262@2x.png */; };
		FC7F766212DE65FF00BD23BB /* GHDockingTableHeaderViewController.m in Sources */ = {isa = PBXBuildFile; fileRef = FC7F766112DE65FF00BD23BB /* GHDockingTableHeaderViewController.m */; };
		FC8B40BA12DD338600197CBD /* GHHeaderView.m in Sources */ = {isa = PBXBuildFile; fileRef = FC8B40B912DD338600197CBD /* GHHeaderView.m */; };
		FC8CBC3612E2D3AF004B3F43 /* Icon.png in Resources */ = {isa = PBXBuildFile; fileRef = FC8CBC3412E2D3AF004B3F43 /* Icon.png */; };
		FC8CBC3712E2D3AF004B3F43 /* Icon@2x.png in Resources */ = {isa = PBXBuildFile; fileRef = FC8CBC3512E2D3AF004B3F43 /* Icon@2x.png */; };
		FCC39D5B12DAB4D100364773 /* GHChangesTableViewController.m in Sources */ = {isa = PBXBuildFile; fileRef = FCC39D5912DAB4D100364773 /* GHChangesTableViewController.m */; };
		FCC8A9E312DBC3FF0027A6D1 /* GHChangesTableModel.m in Sources */ = {isa = PBXBuildFile; fileRef = FCC8A9E212DBC3FF0027A6D1 /* GHChangesTableModel.m */; };
		FCFF6FB212E961A10050217F /* Default.png in Resources */ = {isa = PBXBuildFile; fileRef = FCFF6FB112E961A10050217F /* Default.png */; };
		FCFF6FB312E961A10050217F /* Default.png in Resources */ = {isa = PBXBuildFile; fileRef = FCFF6FB112E961A10050217F /* Default.png */; };
/* End PBXBuildFile section */

/* Begin PBXFileReference section */
		FC05E03012D6E4E7002D9843 /* GitHubServiceSettings.h */ = {isa = PBXFileReference; fileEncoding = 4; lastKnownFileType = sourcecode.c.h; path = GitHubServiceSettings.h; sourceTree = "<group>"; };
		FC05E03112D6E4E7002D9843 /* GitHubUserServiceFactory.h */ = {isa = PBXFileReference; fileEncoding = 4; lastKnownFileType = sourcecode.c.h; path = GitHubUserServiceFactory.h; sourceTree = "<group>"; };
		FC05E03212D6E4E7002D9843 /* GitHubCommitServiceFactory.h */ = {isa = PBXFileReference; fileEncoding = 4; lastKnownFileType = sourcecode.c.h; path = GitHubCommitServiceFactory.h; sourceTree = "<group>"; };
		FC05E03312D6E4E7002D9843 /* GitHubRepositoryServiceFactory.h */ = {isa = PBXFileReference; fileEncoding = 4; lastKnownFileType = sourcecode.c.h; path = GitHubRepositoryServiceFactory.h; sourceTree = "<group>"; };
		FC05E03412D6E4E7002D9843 /* GitHubObjectServiceFactory.h */ = {isa = PBXFileReference; fileEncoding = 4; lastKnownFileType = sourcecode.c.h; path = GitHubObjectServiceFactory.h; sourceTree = "<group>"; };
		FC05E03512D6E4E7002D9843 /* GitHubIssueServiceFactory.h */ = {isa = PBXFileReference; fileEncoding = 4; lastKnownFileType = sourcecode.c.h; path = GitHubIssueServiceFactory.h; sourceTree = "<group>"; };
		FC05E03612D6E4E7002D9843 /* GitHubService.h */ = {isa = PBXFileReference; fileEncoding = 4; lastKnownFileType = sourcecode.c.h; path = GitHubService.h; sourceTree = "<group>"; };
		FC05E03712D6E4E7002D9843 /* GitHubServiceDelegate.h */ = {isa = PBXFileReference; fileEncoding = 4; lastKnownFileType = sourcecode.c.h; path = GitHubServiceDelegate.h; sourceTree = "<group>"; };
		FC05E03812D6E4E7002D9843 /* GitHubServiceGotCommitDelegate.h */ = {isa = PBXFileReference; fileEncoding = 4; lastKnownFileType = sourcecode.c.h; path = GitHubServiceGotCommitDelegate.h; sourceTree = "<group>"; };
		FC05E03912D6E4E7002D9843 /* GitHubServiceGotRepositoryDelegate.h */ = {isa = PBXFileReference; fileEncoding = 4; lastKnownFileType = sourcecode.c.h; path = GitHubServiceGotRepositoryDelegate.h; sourceTree = "<group>"; };
		FC05E03A12D6E4E7002D9843 /* GitHubServiceGotTagDelegate.h */ = {isa = PBXFileReference; fileEncoding = 4; lastKnownFileType = sourcecode.c.h; path = GitHubServiceGotTagDelegate.h; sourceTree = "<group>"; };
		FC05E03B12D6E4E7002D9843 /* GitHubServiceGotBranchDelegate.h */ = {isa = PBXFileReference; fileEncoding = 4; lastKnownFileType = sourcecode.c.h; path = GitHubServiceGotBranchDelegate.h; sourceTree = "<group>"; };
		FC05E03C12D6E4E7002D9843 /* GitHubServiceGotNameDelegate.h */ = {isa = PBXFileReference; fileEncoding = 4; lastKnownFileType = sourcecode.c.h; path = GitHubServiceGotNameDelegate.h; sourceTree = "<group>"; };
		FC05E03D12D6E4E7002D9843 /* GitHubServiceGotContributorDelegate.h */ = {isa = PBXFileReference; fileEncoding = 4; lastKnownFileType = sourcecode.c.h; path = GitHubServiceGotContributorDelegate.h; sourceTree = "<group>"; };
		FC05E03E12D6E4E7002D9843 /* GitHubServiceGotUserDelegate.h */ = {isa = PBXFileReference; fileEncoding = 4; lastKnownFileType = sourcecode.c.h; path = GitHubServiceGotUserDelegate.h; sourceTree = "<group>"; };
		FC05E03F12D6E4E7002D9843 /* GitHubServiceGotBlobDelegate.h */ = {isa = PBXFileReference; fileEncoding = 4; lastKnownFileType = sourcecode.c.h; path = GitHubServiceGotBlobDelegate.h; sourceTree = "<group>"; };
		FC05E04012D6E4E7002D9843 /* GitHubServiceGotTreeItemDelegate.h */ = {isa = PBXFileReference; fileEncoding = 4; lastKnownFileType = sourcecode.c.h; path = GitHubServiceGotTreeItemDelegate.h; sourceTree = "<group>"; };
		FC05E04112D6E4E7002D9843 /* GitHubServiceGotDataDelegate.h */ = {isa = PBXFileReference; fileEncoding = 4; lastKnownFileType = sourcecode.c.h; path = GitHubServiceGotDataDelegate.h; sourceTree = "<group>"; };
		FC05E04212D6E4E7002D9843 /* GitHubServiceGotIssueDelegate.h */ = {isa = PBXFileReference; fileEncoding = 4; lastKnownFileType = sourcecode.c.h; path = GitHubServiceGotIssueDelegate.h; sourceTree = "<group>"; };
		FC05E04312D6E4E7002D9843 /* GitHubServiceGotCommentDelegate.h */ = {isa = PBXFileReference; fileEncoding = 4; lastKnownFileType = sourcecode.c.h; path = GitHubServiceGotCommentDelegate.h; sourceTree = "<group>"; };
		FC05E04412D6E4E7002D9843 /* GitHubCommit.h */ = {isa = PBXFileReference; fileEncoding = 4; lastKnownFileType = sourcecode.c.h; path = GitHubCommit.h; sourceTree = "<group>"; };
		FC05E04512D6E4E7002D9843 /* GitHubContributor.h */ = {isa = PBXFileReference; fileEncoding = 4; lastKnownFileType = sourcecode.c.h; path = GitHubContributor.h; sourceTree = "<group>"; };
		FC05E04612D6E4E7002D9843 /* GitHubRepository.h */ = {isa = PBXFileReference; fileEncoding = 4; lastKnownFileType = sourcecode.c.h; path = GitHubRepository.h; sourceTree = "<group>"; };
		FC05E04712D6E4E7002D9843 /* GitHubRef.h */ = {isa = PBXFileReference; fileEncoding = 4; lastKnownFileType = sourcecode.c.h; path = GitHubRef.h; sourceTree = "<group>"; };
		FC05E04812D6E4E7002D9843 /* GitHubTag.h */ = {isa = PBXFileReference; fileEncoding = 4; lastKnownFileType = sourcecode.c.h; path = GitHubTag.h; sourceTree = "<group>"; };
		FC05E04912D6E4E7002D9843 /* GitHubBranch.h */ = {isa = PBXFileReference; fileEncoding = 4; lastKnownFileType = sourcecode.c.h; path = GitHubBranch.h; sourceTree = "<group>"; };
		FC05E04A12D6E4E7002D9843 /* GitHubUser.h */ = {isa = PBXFileReference; fileEncoding = 4; lastKnownFileType = sourcecode.c.h; path = GitHubUser.h; sourceTree = "<group>"; };
		FC05E04B12D6E4E7002D9843 /* GitHubBlob.h */ = {isa = PBXFileReference; fileEncoding = 4; lastKnownFileType = sourcecode.c.h; path = GitHubBlob.h; sourceTree = "<group>"; };
		FC05E04C12D6E4E7002D9843 /* GitHubTreeItem.h */ = {isa = PBXFileReference; fileEncoding = 4; lastKnownFileType = sourcecode.c.h; path = GitHubTreeItem.h; sourceTree = "<group>"; };
		FC05E04D12D6E4E7002D9843 /* GitHubIssue.h */ = {isa = PBXFileReference; fileEncoding = 4; lastKnownFileType = sourcecode.c.h; path = GitHubIssue.h; sourceTree = "<group>"; };
		FC05E04E12D6E4E7002D9843 /* GitHubComment.h */ = {isa = PBXFileReference; fileEncoding = 4; lastKnownFileType = sourcecode.c.h; path = GitHubComment.h; sourceTree = "<group>"; };
		FC05E05112D6E4E7002D9843 /* GitHubBaseFactory.h */ = {isa = PBXFileReference; fileEncoding = 4; lastKnownFileType = sourcecode.c.h; path = GitHubBaseFactory.h; sourceTree = "<group>"; };
		FC05E05212D6E4E7002D9843 /* GitHubBaseFactory.m */ = {isa = PBXFileReference; fileEncoding = 4; lastKnownFileType = sourcecode.c.objc; path = GitHubBaseFactory.m; sourceTree = "<group>"; };
		FC05E05312D6E4E7002D9843 /* GitHubServiceSettings.m */ = {isa = PBXFileReference; fileEncoding = 4; lastKnownFileType = sourcecode.c.objc; path = GitHubServiceSettings.m; sourceTree = "<group>"; };
		FC05E05512D6E4E7002D9843 /* GitHubCommitImp.h */ = {isa = PBXFileReference; fileEncoding = 4; lastKnownFileType = sourcecode.c.h; path = GitHubCommitImp.h; sourceTree = "<group>"; };
		FC05E05612D6E4E7002D9843 /* GitHubCommitImp.m */ = {isa = PBXFileReference; fileEncoding = 4; lastKnownFileType = sourcecode.c.objc; path = GitHubCommitImp.m; sourceTree = "<group>"; };
		FC05E05712D6E4E7002D9843 /* GitHubCommitFactory.h */ = {isa = PBXFileReference; fileEncoding = 4; lastKnownFileType = sourcecode.c.h; path = GitHubCommitFactory.h; sourceTree = "<group>"; };
		FC05E05812D6E4E7002D9843 /* GitHubCommitFactory.m */ = {isa = PBXFileReference; fileEncoding = 4; lastKnownFileType = sourcecode.c.objc; path = GitHubCommitFactory.m; sourceTree = "<group>"; };
		FC05E05912D6E4E7002D9843 /* GitHubCommitServiceFactory.m */ = {isa = PBXFileReference; fileEncoding = 4; lastKnownFileType = sourcecode.c.objc; path = GitHubCommitServiceFactory.m; sourceTree = "<group>"; };
		FC05E05B12D6E4E7002D9843 /* GitHubIssueImp.h */ = {isa = PBXFileReference; fileEncoding = 4; lastKnownFileType = sourcecode.c.h; path = GitHubIssueImp.h; sourceTree = "<group>"; };
		FC05E05C12D6E4E7002D9843 /* GitHubIssueImp.m */ = {isa = PBXFileReference; fileEncoding = 4; lastKnownFileType = sourcecode.c.objc; path = GitHubIssueImp.m; sourceTree = "<group>"; };
		FC05E05D12D6E4E7002D9843 /* GitHubCommentImp.h */ = {isa = PBXFileReference; fileEncoding = 4; lastKnownFileType = sourcecode.c.h; path = GitHubCommentImp.h; sourceTree = "<group>"; };
		FC05E05E12D6E4E7002D9843 /* GitHubCommentImp.m */ = {isa = PBXFileReference; fileEncoding = 4; lastKnownFileType = sourcecode.c.objc; path = GitHubCommentImp.m; sourceTree = "<group>"; };
		FC05E05F12D6E4E7002D9843 /* GitHubIssueFactory.h */ = {isa = PBXFileReference; fileEncoding = 4; lastKnownFileType = sourcecode.c.h; path = GitHubIssueFactory.h; sourceTree = "<group>"; };
		FC05E06012D6E4E7002D9843 /* GitHubIssueFactory.m */ = {isa = PBXFileReference; fileEncoding = 4; lastKnownFileType = sourcecode.c.objc; path = GitHubIssueFactory.m; sourceTree = "<group>"; };
		FC05E06112D6E4E7002D9843 /* GitHubLabelFactory.h */ = {isa = PBXFileReference; fileEncoding = 4; lastKnownFileType = sourcecode.c.h; path = GitHubLabelFactory.h; sourceTree = "<group>"; };
		FC05E06212D6E4E7002D9843 /* GitHubLabelFactory.m */ = {isa = PBXFileReference; fileEncoding = 4; lastKnownFileType = sourcecode.c.objc; path = GitHubLabelFactory.m; sourceTree = "<group>"; };
		FC05E06312D6E4E7002D9843 /* GitHubCommentFactory.h */ = {isa = PBXFileReference; fileEncoding = 4; lastKnownFileType = sourcecode.c.h; path = GitHubCommentFactory.h; sourceTree = "<group>"; };
		FC05E06412D6E4E7002D9843 /* GitHubCommentFactory.m */ = {isa = PBXFileReference; fileEncoding = 4; lastKnownFileType = sourcecode.c.objc; path = GitHubCommentFactory.m; sourceTree = "<group>"; };
		FC05E06512D6E4E7002D9843 /* GitHubIssueServiceFactory.m */ = {isa = PBXFileReference; fileEncoding = 4; lastKnownFileType = sourcecode.c.objc; path = GitHubIssueServiceFactory.m; sourceTree = "<group>"; };
		FC05E06712D6E4E7002D9843 /* GitHubTreeItemImp.h */ = {isa = PBXFileReference; fileEncoding = 4; lastKnownFileType = sourcecode.c.h; path = GitHubTreeItemImp.h; sourceTree = "<group>"; };
		FC05E06812D6E4E7002D9843 /* GitHubTreeItemImp.m */ = {isa = PBXFileReference; fileEncoding = 4; lastKnownFileType = sourcecode.c.objc; path = GitHubTreeItemImp.m; sourceTree = "<group>"; };
		FC05E06912D6E4E8002D9843 /* GitHubBlobImp.h */ = {isa = PBXFileReference; fileEncoding = 4; lastKnownFileType = sourcecode.c.h; path = GitHubBlobImp.h; sourceTree = "<group>"; };
		FC05E06A12D6E4E8002D9843 /* GitHubBlobImp.m */ = {isa = PBXFileReference; fileEncoding = 4; lastKnownFileType = sourcecode.c.objc; path = GitHubBlobImp.m; sourceTree = "<group>"; };
		FC05E06B12D6E4E8002D9843 /* GitHubDataFactory.h */ = {isa = PBXFileReference; fileEncoding = 4; lastKnownFileType = sourcecode.c.h; path = GitHubDataFactory.h; sourceTree = "<group>"; };
		FC05E06C12D6E4E8002D9843 /* GitHubDataFactory.m */ = {isa = PBXFileReference; fileEncoding = 4; lastKnownFileType = sourcecode.c.objc; path = GitHubDataFactory.m; sourceTree = "<group>"; };
		FC05E06D12D6E4E8002D9843 /* GitHubBlobFactory.h */ = {isa = PBXFileReference; fileEncoding = 4; lastKnownFileType = sourcecode.c.h; path = GitHubBlobFactory.h; sourceTree = "<group>"; };
		FC05E06E12D6E4E8002D9843 /* GitHubBlobFactory.m */ = {isa = PBXFileReference; fileEncoding = 4; lastKnownFileType = sourcecode.c.objc; path = GitHubBlobFactory.m; sourceTree = "<group>"; };
		FC05E06F12D6E4E8002D9843 /* GitHubTreeItemFactory.h */ = {isa = PBXFileReference; fileEncoding = 4; lastKnownFileType = sourcecode.c.h; path = GitHubTreeItemFactory.h; sourceTree = "<group>"; };
		FC05E07012D6E4E8002D9843 /* GitHubTreeItemFactory.m */ = {isa = PBXFileReference; fileEncoding = 4; lastKnownFileType = sourcecode.c.objc; path = GitHubTreeItemFactory.m; sourceTree = "<group>"; };
		FC05E07112D6E4E8002D9843 /* GitHubObjectServiceFactory.m */ = {isa = PBXFileReference; fileEncoding = 4; lastKnownFileType = sourcecode.c.objc; path = GitHubObjectServiceFactory.m; sourceTree = "<group>"; };
		FC05E07312D6E4E8002D9843 /* GitHubBranchImp.h */ = {isa = PBXFileReference; fileEncoding = 4; lastKnownFileType = sourcecode.c.h; path = GitHubBranchImp.h; sourceTree = "<group>"; };
		FC05E07412D6E4E8002D9843 /* GitHubBranchImp.m */ = {isa = PBXFileReference; fileEncoding = 4; lastKnownFileType = sourcecode.c.objc; path = GitHubBranchImp.m; sourceTree = "<group>"; };
		FC05E07512D6E4E8002D9843 /* GitHubContributorImp.h */ = {isa = PBXFileReference; fileEncoding = 4; lastKnownFileType = sourcecode.c.h; path = GitHubContributorImp.h; sourceTree = "<group>"; };
		FC05E07612D6E4E8002D9843 /* GitHubContributorImp.m */ = {isa = PBXFileReference; fileEncoding = 4; lastKnownFileType = sourcecode.c.objc; path = GitHubContributorImp.m; sourceTree = "<group>"; };
		FC05E07712D6E4E8002D9843 /* GitHubRepositoryImp.h */ = {isa = PBXFileReference; fileEncoding = 4; lastKnownFileType = sourcecode.c.h; path = GitHubRepositoryImp.h; sourceTree = "<group>"; };
		FC05E07812D6E4E8002D9843 /* GitHubRepositoryImp.m */ = {isa = PBXFileReference; fileEncoding = 4; lastKnownFileType = sourcecode.c.objc; path = GitHubRepositoryImp.m; sourceTree = "<group>"; };
		FC05E07912D6E4E8002D9843 /* GitHubTagImp.h */ = {isa = PBXFileReference; fileEncoding = 4; lastKnownFileType = sourcecode.c.h; path = GitHubTagImp.h; sourceTree = "<group>"; };
		FC05E07A12D6E4E8002D9843 /* GitHubTagImp.m */ = {isa = PBXFileReference; fileEncoding = 4; lastKnownFileType = sourcecode.c.objc; path = GitHubTagImp.m; sourceTree = "<group>"; };
		FC05E07B12D6E4E8002D9843 /* GitHubRepositoryFactory.h */ = {isa = PBXFileReference; fileEncoding = 4; lastKnownFileType = sourcecode.c.h; path = GitHubRepositoryFactory.h; sourceTree = "<group>"; };
		FC05E07C12D6E4E8002D9843 /* GitHubRepositoryFactory.m */ = {isa = PBXFileReference; fileEncoding = 4; lastKnownFileType = sourcecode.c.objc; path = GitHubRepositoryFactory.m; sourceTree = "<group>"; };
		FC05E07D12D6E4E8002D9843 /* GitHubCollaboratorFactory.h */ = {isa = PBXFileReference; fileEncoding = 4; lastKnownFileType = sourcecode.c.h; path = GitHubCollaboratorFactory.h; sourceTree = "<group>"; };
		FC05E07E12D6E4E8002D9843 /* GitHubCollaboratorFactory.m */ = {isa = PBXFileReference; fileEncoding = 4; lastKnownFileType = sourcecode.c.objc; path = GitHubCollaboratorFactory.m; sourceTree = "<group>"; };
		FC05E07F12D6E4E8002D9843 /* GitHubWatcherFactory.h */ = {isa = PBXFileReference; fileEncoding = 4; lastKnownFileType = sourcecode.c.h; path = GitHubWatcherFactory.h; sourceTree = "<group>"; };
		FC05E08012D6E4E8002D9843 /* GitHubWatcherFactory.m */ = {isa = PBXFileReference; fileEncoding = 4; lastKnownFileType = sourcecode.c.objc; path = GitHubWatcherFactory.m; sourceTree = "<group>"; };
		FC05E08112D6E4E8002D9843 /* GitHubContributorFactory.h */ = {isa = PBXFileReference; fileEncoding = 4; lastKnownFileType = sourcecode.c.h; path = GitHubContributorFactory.h; sourceTree = "<group>"; };
		FC05E08212D6E4E8002D9843 /* GitHubContributorFactory.m */ = {isa = PBXFileReference; fileEncoding = 4; lastKnownFileType = sourcecode.c.objc; path = GitHubContributorFactory.m; sourceTree = "<group>"; };
		FC05E08312D6E4E8002D9843 /* GitHubBranchFactory.h */ = {isa = PBXFileReference; fileEncoding = 4; lastKnownFileType = sourcecode.c.h; path = GitHubBranchFactory.h; sourceTree = "<group>"; };
		FC05E08412D6E4E8002D9843 /* GitHubBranchFactory.m */ = {isa = PBXFileReference; fileEncoding = 4; lastKnownFileType = sourcecode.c.objc; path = GitHubBranchFactory.m; sourceTree = "<group>"; };
		FC05E08512D6E4E8002D9843 /* GitHubTagFactory.h */ = {isa = PBXFileReference; fileEncoding = 4; lastKnownFileType = sourcecode.c.h; path = GitHubTagFactory.h; sourceTree = "<group>"; };
		FC05E08612D6E4E8002D9843 /* GitHubTagFactory.m */ = {isa = PBXFileReference; fileEncoding = 4; lastKnownFileType = sourcecode.c.objc; path = GitHubTagFactory.m; sourceTree = "<group>"; };
		FC05E08712D6E4E8002D9843 /* GitHubRepositoryPoster.h */ = {isa = PBXFileReference; fileEncoding = 4; lastKnownFileType = sourcecode.c.h; path = GitHubRepositoryPoster.h; sourceTree = "<group>"; };
		FC05E08812D6E4E8002D9843 /* GitHubRepositoryPoster.m */ = {isa = PBXFileReference; fileEncoding = 4; lastKnownFileType = sourcecode.c.objc; path = GitHubRepositoryPoster.m; sourceTree = "<group>"; };
		FC05E08912D6E4E8002D9843 /* GitHubRepositoryServiceFactory.m */ = {isa = PBXFileReference; fileEncoding = 4; lastKnownFileType = sourcecode.c.objc; path = GitHubRepositoryServiceFactory.m; sourceTree = "<group>"; };
		FC05E08B12D6E4E8002D9843 /* GitHubUserImp.h */ = {isa = PBXFileReference; fileEncoding = 4; lastKnownFileType = sourcecode.c.h; path = GitHubUserImp.h; sourceTree = "<group>"; };
		FC05E08C12D6E4E8002D9843 /* GitHubUserImp.m */ = {isa = PBXFileReference; fileEncoding = 4; lastKnownFileType = sourcecode.c.objc; path = GitHubUserImp.m; sourceTree = "<group>"; };
		FC05E08D12D6E4E8002D9843 /* GitHubUserFactory.h */ = {isa = PBXFileReference; fileEncoding = 4; lastKnownFileType = sourcecode.c.h; path = GitHubUserFactory.h; sourceTree = "<group>"; };
		FC05E08E12D6E4E8002D9843 /* GitHubUserFactory.m */ = {isa = PBXFileReference; fileEncoding = 4; lastKnownFileType = sourcecode.c.objc; path = GitHubUserFactory.m; sourceTree = "<group>"; };
		FC05E08F12D6E4E8002D9843 /* GitHubUserNameFactory.h */ = {isa = PBXFileReference; fileEncoding = 4; lastKnownFileType = sourcecode.c.h; path = GitHubUserNameFactory.h; sourceTree = "<group>"; };
		FC05E09012D6E4E8002D9843 /* GitHubUserNameFactory.m */ = {isa = PBXFileReference; fileEncoding = 4; lastKnownFileType = sourcecode.c.objc; path = GitHubUserNameFactory.m; sourceTree = "<group>"; };
		FC05E09112D6E4E8002D9843 /* GitHubUserSearchFactory.h */ = {isa = PBXFileReference; fileEncoding = 4; lastKnownFileType = sourcecode.c.h; path = GitHubUserSearchFactory.h; sourceTree = "<group>"; };
		FC05E09212D6E4E8002D9843 /* GitHubUserSearchFactory.m */ = {isa = PBXFileReference; fileEncoding = 4; lastKnownFileType = sourcecode.c.objc; path = GitHubUserSearchFactory.m; sourceTree = "<group>"; };
		FC05E09312D6E4E8002D9843 /* GitHubUserPoster.h */ = {isa = PBXFileReference; fileEncoding = 4; lastKnownFileType = sourcecode.c.h; path = GitHubUserPoster.h; sourceTree = "<group>"; };
		FC05E09412D6E4E8002D9843 /* GitHubUserPoster.m */ = {isa = PBXFileReference; fileEncoding = 4; lastKnownFileType = sourcecode.c.objc; path = GitHubUserPoster.m; sourceTree = "<group>"; };
		FC05E09512D6E4E8002D9843 /* GitHubUserServiceFactory.m */ = {isa = PBXFileReference; fileEncoding = 4; lastKnownFileType = sourcecode.c.objc; path = GitHubUserServiceFactory.m; sourceTree = "<group>"; };
		FC1D782612D7F65F00AA4AB1 /* GHReposTableModel.h */ = {isa = PBXFileReference; fileEncoding = 4; lastKnownFileType = sourcecode.c.h; path = GHReposTableModel.h; sourceTree = "<group>"; };
		FC1D782712D7F65F00AA4AB1 /* GHReposTableModel.m */ = {isa = PBXFileReference; fileEncoding = 4; lastKnownFileType = sourcecode.c.objc; path = GHReposTableModel.m; sourceTree = "<group>"; };
		FC1D78CF12D7FCC000AA4AB1 /* UITableViewCell+Extension.h */ = {isa = PBXFileReference; fileEncoding = 4; lastKnownFileType = sourcecode.c.h; path = "UITableViewCell+Extension.h"; sourceTree = "<group>"; };
		FC1D78D012D7FCC000AA4AB1 /* UITableViewCell+Extension.m */ = {isa = PBXFileReference; fileEncoding = 4; lastKnownFileType = sourcecode.c.objc; path = "UITableViewCell+Extension.m"; sourceTree = "<group>"; };
		FC1D78ED12D7FE1A00AA4AB1 /* GHTableViewController.h */ = {isa = PBXFileReference; fileEncoding = 4; lastKnownFileType = sourcecode.c.h; path = GHTableViewController.h; sourceTree = "<group>"; };
		FC1D78EE12D7FE1A00AA4AB1 /* GHTableViewController.m */ = {isa = PBXFileReference; fileEncoding = 4; lastKnownFileType = sourcecode.c.objc; path = GHTableViewController.m; sourceTree = "<group>"; };
		FC1D7A1712D8050000AA4AB1 /* GHCommitsTableModel.h */ = {isa = PBXFileReference; fileEncoding = 4; lastKnownFileType = sourcecode.c.h; path = GHCommitsTableModel.h; sourceTree = "<group>"; };
		FC1D7A1812D8050000AA4AB1 /* GHCommitsTableModel.m */ = {isa = PBXFileReference; fileEncoding = 4; lastKnownFileType = sourcecode.c.objc; path = GHCommitsTableModel.m; sourceTree = "<group>"; };
		FC1D7A2512D806B700AA4AB1 /* GHCommitsTableViewController.h */ = {isa = PBXFileReference; fileEncoding = 4; lastKnownFileType = sourcecode.c.h; path = GHCommitsTableViewController.h; sourceTree = "<group>"; };
		FC1D7A2612D806B700AA4AB1 /* GHCommitsTableViewController.m */ = {isa = PBXFileReference; fileEncoding = 4; lastKnownFileType = sourcecode.c.objc; path = GHCommitsTableViewController.m; sourceTree = "<group>"; };
		FC1D7C0512D8145000AA4AB1 /* QuartzCore.framework */ = {isa = PBXFileReference; lastKnownFileType = wrapper.framework; name = QuartzCore.framework; path = System/Library/Frameworks/QuartzCore.framework; sourceTree = SDKROOT; };
		FC1D7D4512D8460100AA4AB1 /* navigation_bar2.png */ = {isa = PBXFileReference; lastKnownFileType = image.png; name = navigation_bar2.png; path = Artwork/navigation_bar2.png; sourceTree = "<group>"; };
		FC32580612D6738E00EB47A3 /* Githood.app */ = {isa = PBXFileReference; explicitFileType = wrapper.application; includeInIndex = 0; path = Githood.app; sourceTree = BUILT_PRODUCTS_DIR; };
		FC32580912D6738E00EB47A3 /* UIKit.framework */ = {isa = PBXFileReference; lastKnownFileType = wrapper.framework; name = UIKit.framework; path = System/Library/Frameworks/UIKit.framework; sourceTree = SDKROOT; };
		FC32580B12D6738E00EB47A3 /* Foundation.framework */ = {isa = PBXFileReference; lastKnownFileType = wrapper.framework; name = Foundation.framework; path = System/Library/Frameworks/Foundation.framework; sourceTree = SDKROOT; };
		FC32580D12D6738E00EB47A3 /* CoreGraphics.framework */ = {isa = PBXFileReference; lastKnownFileType = wrapper.framework; name = CoreGraphics.framework; path = System/Library/Frameworks/CoreGraphics.framework; sourceTree = SDKROOT; };
		FC32580F12D6738E00EB47A3 /* Githood-Info.plist */ = {isa = PBXFileReference; lastKnownFileType = text.plist.xml; path = "Githood-Info.plist"; plistStructureDefinitionIdentifier = "com.apple.xcode.plist.structure-definition.iphone.info-plist"; sourceTree = "<group>"; };
		FC32581012D6738E00EB47A3 /* Githood-Prefix.pch */ = {isa = PBXFileReference; lastKnownFileType = sourcecode.c.h; path = "Githood-Prefix.pch"; sourceTree = "<group>"; };
		FC32581212D6738E00EB47A3 /* en */ = {isa = PBXFileReference; lastKnownFileType = text.plist.strings; name = en; path = en.lproj/InfoPlist.strings; sourceTree = "<group>"; };
		FC32581412D6738E00EB47A3 /* Githood-main.m */ = {isa = PBXFileReference; lastKnownFileType = sourcecode.c.objc; path = "Githood-main.m"; sourceTree = "<group>"; };
		FC32581612D6738E00EB47A3 /* AppDelegate.h */ = {isa = PBXFileReference; lastKnownFileType = sourcecode.c.h; path = AppDelegate.h; sourceTree = "<group>"; };
		FC32581712D6738E00EB47A3 /* AppDelegate.m */ = {isa = PBXFileReference; lastKnownFileType = sourcecode.c.objc; path = AppDelegate.m; sourceTree = "<group>"; };
		FC32581A12D6738E00EB47A3 /* en */ = {isa = PBXFileReference; lastKnownFileType = file.xib; name = en; path = en.lproj/MainWindow.xib; sourceTree = "<group>"; };
		FC32581C12D6738E00EB47A3 /* GHReposTableViewController.h */ = {isa = PBXFileReference; lastKnownFileType = sourcecode.c.h; path = GHReposTableViewController.h; sourceTree = "<group>"; };
		FC32581D12D6738E00EB47A3 /* GHReposTableViewController.m */ = {isa = PBXFileReference; lastKnownFileType = sourcecode.c.objc; path = GHReposTableViewController.m; sourceTree = "<group>"; };
		FC32582812D6738E00EB47A3 /* GithoodTests.octest */ = {isa = PBXFileReference; explicitFileType = wrapper.cfbundle; includeInIndex = 0; path = GithoodTests.octest; sourceTree = BUILT_PRODUCTS_DIR; };
		FC32582C12D6738E00EB47A3 /* GithoodTests-Info.plist */ = {isa = PBXFileReference; lastKnownFileType = text.plist.xml; path = "GithoodTests-Info.plist"; sourceTree = "<group>"; };
		FC32582D12D6738E00EB47A3 /* GithoodTests-Prefix.pch */ = {isa = PBXFileReference; lastKnownFileType = sourcecode.c.h; path = "GithoodTests-Prefix.pch"; sourceTree = "<group>"; };
		FC32582E12D6738E00EB47A3 /* InfoPlist.strings */ = {isa = PBXFileReference; lastKnownFileType = text.plist.strings; name = InfoPlist.strings; path = en.lproj/GithoodTests/InfoPlist.strings; sourceTree = "<group>"; };
		FC32583012D6738E00EB47A3 /* GithoodTests.h */ = {isa = PBXFileReference; lastKnownFileType = sourcecode.c.h; path = GithoodTests.h; sourceTree = "<group>"; };
		FC32583212D6738E00EB47A3 /* GithoodTests.m */ = {isa = PBXFileReference; lastKnownFileType = sourcecode.c.objc; path = GithoodTests.m; sourceTree = "<group>"; };
		FC39275912D67A2500F5A82A /* navigation_bar.png */ = {isa = PBXFileReference; lastKnownFileType = image.png; name = navigation_bar.png; path = Artwork/navigation_bar.png; sourceTree = "<group>"; };
		FC3927F512D69FC500F5A82A /* LRTableModel.h */ = {isa = PBXFileReference; fileEncoding = 4; lastKnownFileType = sourcecode.c.h; path = LRTableModel.h; sourceTree = "<group>"; };
		FC3927F612D69FC500F5A82A /* LRTableModelCellProvider.h */ = {isa = PBXFileReference; fileEncoding = 4; lastKnownFileType = sourcecode.c.h; path = LRTableModelCellProvider.h; sourceTree = "<group>"; };
		FC3927F712D69FC500F5A82A /* LRTableModelEvent.h */ = {isa = PBXFileReference; fileEncoding = 4; lastKnownFileType = sourcecode.c.h; path = LRTableModelEvent.h; sourceTree = "<group>"; };
		FC3927F812D69FC500F5A82A /* LRTableModelEvent.m */ = {isa = PBXFileReference; fileEncoding = 4; lastKnownFileType = sourcecode.c.objc; path = LRTableModelEvent.m; sourceTree = "<group>"; };
		FC3927F912D69FC500F5A82A /* LRTableModelEventListener.h */ = {isa = PBXFileReference; fileEncoding = 4; lastKnownFileType = sourcecode.c.h; path = LRTableModelEventListener.h; sourceTree = "<group>"; };
		FC3927FA12D69FC500F5A82A /* LRAbstractTableModel.h */ = {isa = PBXFileReference; fileEncoding = 4; lastKnownFileType = sourcecode.c.h; path = LRAbstractTableModel.h; sourceTree = "<group>"; };
		FC3927FB12D69FC500F5A82A /* LRAbstractTableModel.m */ = {isa = PBXFileReference; fileEncoding = 4; lastKnownFileType = sourcecode.c.objc; path = LRAbstractTableModel.m; sourceTree = "<group>"; };
		FC39280F12D6A0CB00F5A82A /* GHTableModel.h */ = {isa = PBXFileReference; fileEncoding = 4; lastKnownFileType = sourcecode.c.h; path = GHTableModel.h; sourceTree = "<group>"; };
		FC39281012D6A0CB00F5A82A /* GHTableModel.m */ = {isa = PBXFileReference; fileEncoding = 4; lastKnownFileType = sourcecode.c.objc; path = GHTableModel.m; sourceTree = "<group>"; };
		FC40112E12DD623C0050B3E1 /* GHStatusBarButtonController.h */ = {isa = PBXFileReference; fileEncoding = 4; lastKnownFileType = sourcecode.c.h; path = GHStatusBarButtonController.h; sourceTree = "<group>"; };
		FC40112F12DD623C0050B3E1 /* GHStatusBarButtonController.m */ = {isa = PBXFileReference; fileEncoding = 4; lastKnownFileType = sourcecode.c.objc; path = GHStatusBarButtonController.m; sourceTree = "<group>"; };
		FC40113112DD63C70050B3E1 /* GHCountStatusItemController.xib */ = {isa = PBXFileReference; fileEncoding = 4; lastKnownFileType = file.xib; path = GHCountStatusItemController.xib; sourceTree = "<group>"; };
		FC40113812DD671D0050B3E1 /* GHCountStatusItemController.h */ = {isa = PBXFileReference; fileEncoding = 4; lastKnownFileType = sourcecode.c.h; path = GHCountStatusItemController.h; sourceTree = "<group>"; };
		FC40113912DD671D0050B3E1 /* GHCountStatusItemController.m */ = {isa = PBXFileReference; fileEncoding = 4; lastKnownFileType = sourcecode.c.objc; path = GHCountStatusItemController.m; sourceTree = "<group>"; };
		FC40113B12DD78700050B3E1 /* GHRefreshController.h */ = {isa = PBXFileReference; fileEncoding = 4; lastKnownFileType = sourcecode.c.h; path = GHRefreshController.h; sourceTree = "<group>"; };
		FC40113C12DD78700050B3E1 /* GHRefreshController.m */ = {isa = PBXFileReference; fileEncoding = 4; lastKnownFileType = sourcecode.c.objc; path = GHRefreshController.m; sourceTree = "<group>"; };
		FC40113F12DD81B10050B3E1 /* GHChangesStatusItemController.h */ = {isa = PBXFileReference; fileEncoding = 4; lastKnownFileType = sourcecode.c.h; path = GHChangesStatusItemController.h; sourceTree = "<group>"; };
		FC40114012DD81B10050B3E1 /* GHChangesStatusItemController.m */ = {isa = PBXFileReference; fileEncoding = 4; lastKnownFileType = sourcecode.c.objc; path = GHChangesStatusItemController.m; sourceTree = "<group>"; };
		FC40114612DD837B0050B3E1 /* GHChangesStatusItemController.xib */ = {isa = PBXFileReference; fileEncoding = 4; lastKnownFileType = file.xib; path = GHChangesStatusItemController.xib; sourceTree = "<group>"; };
		FC4E4CAD12DEF9020009C77F /* GHWebView.h */ = {isa = PBXFileReference; fileEncoding = 4; lastKnownFileType = sourcecode.c.h; path = GHWebView.h; sourceTree = "<group>"; };
		FC4E4CAE12DEF9020009C77F /* GHWebView.m */ = {isa = PBXFileReference; fileEncoding = 4; lastKnownFileType = sourcecode.c.objc; path = GHWebView.m; sourceTree = "<group>"; };
		FC63C8EE12DEDFEA00C3FF5C /* GHDiffViewController.h */ = {isa = PBXFileReference; fileEncoding = 4; lastKnownFileType = sourcecode.c.h; path = GHDiffViewController.h; sourceTree = "<group>"; };
		FC63C8EF12DEDFEA00C3FF5C /* GHDiffViewController.m */ = {isa = PBXFileReference; fileEncoding = 4; lastKnownFileType = sourcecode.c.objc; path = GHDiffViewController.m; sourceTree = "<group>"; };
		FC63C8F012DEDFEA00C3FF5C /* GHDiffViewController.xib */ = {isa = PBXFileReference; fileEncoding = 4; lastKnownFileType = file.xib; path = GHDiffViewController.xib; sourceTree = "<group>"; };
		FC63C8F312DEE30000C3FF5C /* diff.template.html */ = {isa = PBXFileReference; fileEncoding = 4; lastKnownFileType = text.html; path = diff.template.html; sourceTree = "<group>"; };
		FC74FD7E12E0E30500D13BF6 /* AudioToolbox.framework */ = {isa = PBXFileReference; lastKnownFileType = wrapper.framework; name = AudioToolbox.framework; path = System/Library/Frameworks/AudioToolbox.framework; sourceTree = SDKROOT; };
		FC74FD8012E0EFE000D13BF6 /* GHDiffStatusItemController.h */ = {isa = PBXFileReference; fileEncoding = 4; lastKnownFileType = sourcecode.c.h; path = GHDiffStatusItemController.h; sourceTree = "<group>"; };
		FC74FD8112E0EFE000D13BF6 /* GHDiffStatusItemController.m */ = {isa = PBXFileReference; fileEncoding = 4; lastKnownFileType = sourcecode.c.objc; path = GHDiffStatusItemController.m; sourceTree = "<group>"; };
		FC74FD8312E0F0ED00D13BF6 /* GHDiffStatusItemController.xib */ = {isa = PBXFileReference; fileEncoding = 4; lastKnownFileType = file.xib; path = GHDiffStatusItemController.xib; sourceTree = "<group>"; };
		FC7F763B12DE320B00BD23BB /* 261.png */ = {isa = PBXFileReference; lastKnownFileType = image.png; path = 261.png; sourceTree = "<group>"; };
		FC7F763D12DE323500BD23BB /* UIBarButtonItem+Custom.h */ = {isa = PBXFileReference; fileEncoding = 4; lastKnownFileType = sourcecode.c.h; name = "UIBarButtonItem+Custom.h"; path = "Classes/UIBarButtonItem+Custom.h"; sourceTree = "<group>"; };
		FC7F763E12DE323500BD23BB /* UIBarButtonItem+Custom.m */ = {isa = PBXFileReference; fileEncoding = 4; lastKnownFileType = sourcecode.c.objc; name = "UIBarButtonItem+Custom.m"; path = "Classes/UIBarButtonItem+Custom.m"; sourceTree = "<group>"; };
		FC7F764012DE382A00BD23BB /* 262.png */ = {isa = PBXFileReference; lastKnownFileType = image.png; path = 262.png; sourceTree = "<group>"; };
		FC7F764212DE3A7900BD23BB /* GHSettingsViewController.h */ = {isa = PBXFileReference; fileEncoding = 4; lastKnownFileType = sourcecode.c.h; path = GHSettingsViewController.h; sourceTree = "<group>"; };
		FC7F764312DE3A7900BD23BB /* GHSettingsViewController.m */ = {isa = PBXFileReference; fileEncoding = 4; lastKnownFileType = sourcecode.c.objc; path = GHSettingsViewController.m; sourceTree = "<group>"; };
		FC7F764B12DE462E00BD23BB /* GHStyler.h */ = {isa = PBXFileReference; fileEncoding = 4; lastKnownFileType = sourcecode.c.h; path = GHStyler.h; sourceTree = "<group>"; };
		FC7F764C12DE462E00BD23BB /* GHStyler.m */ = {isa = PBXFileReference; fileEncoding = 4; lastKnownFileType = sourcecode.c.objc; path = GHStyler.m; sourceTree = "<group>"; };
		FC7F765A12DE4A5900BD23BB /* GHGroupedTableView.h */ = {isa = PBXFileReference; fileEncoding = 4; lastKnownFileType = sourcecode.c.h; path = GHGroupedTableView.h; sourceTree = "<group>"; };
		FC7F765B12DE4A5900BD23BB /* GHGroupedTableView.m */ = {isa = PBXFileReference; fileEncoding = 4; lastKnownFileType = sourcecode.c.objc; path = GHGroupedTableView.m; sourceTree = "<group>"; };
		FC7F765D12DE5BCA00BD23BB /* 262@2x.png */ = {isa = PBXFileReference; lastKnownFileType = image.png; path = "262@2x.png"; sourceTree = "<group>"; };
		FC7F766012DE65FF00BD23BB /* GHDockingTableHeaderViewController.h */ = {isa = PBXFileReference; fileEncoding = 4; lastKnownFileType = sourcecode.c.h; path = GHDockingTableHeaderViewController.h; sourceTree = "<group>"; };
		FC7F766112DE65FF00BD23BB /* GHDockingTableHeaderViewController.m */ = {isa = PBXFileReference; fileEncoding = 4; lastKnownFileType = sourcecode.c.objc; path = GHDockingTableHeaderViewController.m; sourceTree = "<group>"; };
		FC8B40B812DD338600197CBD /* GHHeaderView.h */ = {isa = PBXFileReference; fileEncoding = 4; lastKnownFileType = sourcecode.c.h; path = GHHeaderView.h; sourceTree = "<group>"; };
		FC8B40B912DD338600197CBD /* GHHeaderView.m */ = {isa = PBXFileReference; fileEncoding = 4; lastKnownFileType = sourcecode.c.objc; path = GHHeaderView.m; sourceTree = "<group>"; };
		FC8CBC3412E2D3AF004B3F43 /* Icon.png */ = {isa = PBXFileReference; lastKnownFileType = image.png; name = Icon.png; path = Artwork/Icon.png; sourceTree = "<group>"; };
		FC8CBC3512E2D3AF004B3F43 /* Icon@2x.png */ = {isa = PBXFileReference; lastKnownFileType = image.png; name = "Icon@2x.png"; path = "Artwork/Icon@2x.png"; sourceTree = "<group>"; };
		FCC39D5812DAB4D100364773 /* GHChangesTableViewController.h */ = {isa = PBXFileReference; fileEncoding = 4; lastKnownFileType = sourcecode.c.h; path = GHChangesTableViewController.h; sourceTree = "<group>"; };
		FCC39D5912DAB4D100364773 /* GHChangesTableViewController.m */ = {isa = PBXFileReference; fileEncoding = 4; lastKnownFileType = sourcecode.c.objc; path = GHChangesTableViewController.m; sourceTree = "<group>"; };
		FCC8A9E112DBC3FF0027A6D1 /* GHChangesTableModel.h */ = {isa = PBXFileReference; fileEncoding = 4; lastKnownFileType = sourcecode.c.h; path = GHChangesTableModel.h; sourceTree = "<group>"; };
		FCC8A9E212DBC3FF0027A6D1 /* GHChangesTableModel.m */ = {isa = PBXFileReference; fileEncoding = 4; lastKnownFileType = sourcecode.c.objc; path = GHChangesTableModel.m; sourceTree = "<group>"; };
		FCFF6FB112E961A10050217F /* Default.png */ = {isa = PBXFileReference; lastKnownFileType = image.png; path = Default.png; sourceTree = "<group>"; };
/* End PBXFileReference section */

/* Begin PBXFrameworksBuildPhase section */
		FC32580312D6738E00EB47A3 /* Frameworks */ = {
			isa = PBXFrameworksBuildPhase;
			buildActionMask = 2147483647;
			files = (
				FC32580A12D6738E00EB47A3 /* UIKit.framework in Frameworks */,
				FC32580C12D6738E00EB47A3 /* Foundation.framework in Frameworks */,
				FC32580E12D6738E00EB47A3 /* CoreGraphics.framework in Frameworks */,
				FC1D7C0612D8145000AA4AB1 /* QuartzCore.framework in Frameworks */,
				FC74FD7F12E0E30500D13BF6 /* AudioToolbox.framework in Frameworks */,
			);
			runOnlyForDeploymentPostprocessing = 0;
		};
		FC32582412D6738E00EB47A3 /* Frameworks */ = {
			isa = PBXFrameworksBuildPhase;
			buildActionMask = 2147483647;
			files = (
				FC32582912D6738E00EB47A3 /* UIKit.framework in Frameworks */,
				FC32582A12D6738E00EB47A3 /* Foundation.framework in Frameworks */,
				FC32582B12D6738E00EB47A3 /* CoreGraphics.framework in Frameworks */,
			);
			runOnlyForDeploymentPostprocessing = 0;
		};
/* End PBXFrameworksBuildPhase section */

/* Begin PBXGroup section */
		FC05E02512D6E4DE002D9843 /* GitHub API */ = {
			isa = PBXGroup;
			children = (
				FC05E02F12D6E4E7002D9843 /* Interface */,
				FC05E04F12D6E4E7002D9843 /* Implementation */,
			);
			name = "GitHub API";
			sourceTree = "<group>";
		};
		FC05E02F12D6E4E7002D9843 /* Interface */ = {
			isa = PBXGroup;
			children = (
				FC05E03012D6E4E7002D9843 /* GitHubServiceSettings.h */,
				FC05E03112D6E4E7002D9843 /* GitHubUserServiceFactory.h */,
				FC05E03212D6E4E7002D9843 /* GitHubCommitServiceFactory.h */,
				FC05E03312D6E4E7002D9843 /* GitHubRepositoryServiceFactory.h */,
				FC05E03412D6E4E7002D9843 /* GitHubObjectServiceFactory.h */,
				FC05E03512D6E4E7002D9843 /* GitHubIssueServiceFactory.h */,
				FC05E03612D6E4E7002D9843 /* GitHubService.h */,
				FC05E03712D6E4E7002D9843 /* GitHubServiceDelegate.h */,
				FC05E03812D6E4E7002D9843 /* GitHubServiceGotCommitDelegate.h */,
				FC05E03912D6E4E7002D9843 /* GitHubServiceGotRepositoryDelegate.h */,
				FC05E03A12D6E4E7002D9843 /* GitHubServiceGotTagDelegate.h */,
				FC05E03B12D6E4E7002D9843 /* GitHubServiceGotBranchDelegate.h */,
				FC05E03C12D6E4E7002D9843 /* GitHubServiceGotNameDelegate.h */,
				FC05E03D12D6E4E7002D9843 /* GitHubServiceGotContributorDelegate.h */,
				FC05E03E12D6E4E7002D9843 /* GitHubServiceGotUserDelegate.h */,
				FC05E03F12D6E4E7002D9843 /* GitHubServiceGotBlobDelegate.h */,
				FC05E04012D6E4E7002D9843 /* GitHubServiceGotTreeItemDelegate.h */,
				FC05E04112D6E4E7002D9843 /* GitHubServiceGotDataDelegate.h */,
				FC05E04212D6E4E7002D9843 /* GitHubServiceGotIssueDelegate.h */,
				FC05E04312D6E4E7002D9843 /* GitHubServiceGotCommentDelegate.h */,
				FC05E04412D6E4E7002D9843 /* GitHubCommit.h */,
				FC05E04512D6E4E7002D9843 /* GitHubContributor.h */,
				FC05E04612D6E4E7002D9843 /* GitHubRepository.h */,
				FC05E04712D6E4E7002D9843 /* GitHubRef.h */,
				FC05E04812D6E4E7002D9843 /* GitHubTag.h */,
				FC05E04912D6E4E7002D9843 /* GitHubBranch.h */,
				FC05E04A12D6E4E7002D9843 /* GitHubUser.h */,
				FC05E04B12D6E4E7002D9843 /* GitHubBlob.h */,
				FC05E04C12D6E4E7002D9843 /* GitHubTreeItem.h */,
				FC05E04D12D6E4E7002D9843 /* GitHubIssue.h */,
				FC05E04E12D6E4E7002D9843 /* GitHubComment.h */,
			);
			name = Interface;
			path = vendor/GitHubObjC/Interface;
			sourceTree = "<group>";
		};
		FC05E04F12D6E4E7002D9843 /* Implementation */ = {
			isa = PBXGroup;
			children = (
				FC05E05012D6E4E7002D9843 /* Common */,
				FC05E05412D6E4E7002D9843 /* CommitService */,
				FC05E05A12D6E4E7002D9843 /* IssueService */,
				FC05E06612D6E4E7002D9843 /* ObjectService */,
				FC05E07212D6E4E8002D9843 /* RepositoryService */,
				FC05E08A12D6E4E8002D9843 /* UserService */,
			);
			name = Implementation;
			path = vendor/GitHubObjC/Implementation;
			sourceTree = "<group>";
		};
		FC05E05012D6E4E7002D9843 /* Common */ = {
			isa = PBXGroup;
			children = (
				FC05E05112D6E4E7002D9843 /* GitHubBaseFactory.h */,
				FC05E05212D6E4E7002D9843 /* GitHubBaseFactory.m */,
				FC05E05312D6E4E7002D9843 /* GitHubServiceSettings.m */,
			);
			path = Common;
			sourceTree = "<group>";
		};
		FC05E05412D6E4E7002D9843 /* CommitService */ = {
			isa = PBXGroup;
			children = (
				FC05E05512D6E4E7002D9843 /* GitHubCommitImp.h */,
				FC05E05612D6E4E7002D9843 /* GitHubCommitImp.m */,
				FC05E05712D6E4E7002D9843 /* GitHubCommitFactory.h */,
				FC05E05812D6E4E7002D9843 /* GitHubCommitFactory.m */,
				FC05E05912D6E4E7002D9843 /* GitHubCommitServiceFactory.m */,
			);
			path = CommitService;
			sourceTree = "<group>";
		};
		FC05E05A12D6E4E7002D9843 /* IssueService */ = {
			isa = PBXGroup;
			children = (
				FC05E05B12D6E4E7002D9843 /* GitHubIssueImp.h */,
				FC05E05C12D6E4E7002D9843 /* GitHubIssueImp.m */,
				FC05E05D12D6E4E7002D9843 /* GitHubCommentImp.h */,
				FC05E05E12D6E4E7002D9843 /* GitHubCommentImp.m */,
				FC05E05F12D6E4E7002D9843 /* GitHubIssueFactory.h */,
				FC05E06012D6E4E7002D9843 /* GitHubIssueFactory.m */,
				FC05E06112D6E4E7002D9843 /* GitHubLabelFactory.h */,
				FC05E06212D6E4E7002D9843 /* GitHubLabelFactory.m */,
				FC05E06312D6E4E7002D9843 /* GitHubCommentFactory.h */,
				FC05E06412D6E4E7002D9843 /* GitHubCommentFactory.m */,
				FC05E06512D6E4E7002D9843 /* GitHubIssueServiceFactory.m */,
			);
			path = IssueService;
			sourceTree = "<group>";
		};
		FC05E06612D6E4E7002D9843 /* ObjectService */ = {
			isa = PBXGroup;
			children = (
				FC05E06712D6E4E7002D9843 /* GitHubTreeItemImp.h */,
				FC05E06812D6E4E7002D9843 /* GitHubTreeItemImp.m */,
				FC05E06912D6E4E8002D9843 /* GitHubBlobImp.h */,
				FC05E06A12D6E4E8002D9843 /* GitHubBlobImp.m */,
				FC05E06B12D6E4E8002D9843 /* GitHubDataFactory.h */,
				FC05E06C12D6E4E8002D9843 /* GitHubDataFactory.m */,
				FC05E06D12D6E4E8002D9843 /* GitHubBlobFactory.h */,
				FC05E06E12D6E4E8002D9843 /* GitHubBlobFactory.m */,
				FC05E06F12D6E4E8002D9843 /* GitHubTreeItemFactory.h */,
				FC05E07012D6E4E8002D9843 /* GitHubTreeItemFactory.m */,
				FC05E07112D6E4E8002D9843 /* GitHubObjectServiceFactory.m */,
			);
			path = ObjectService;
			sourceTree = "<group>";
		};
		FC05E07212D6E4E8002D9843 /* RepositoryService */ = {
			isa = PBXGroup;
			children = (
				FC05E07312D6E4E8002D9843 /* GitHubBranchImp.h */,
				FC05E07412D6E4E8002D9843 /* GitHubBranchImp.m */,
				FC05E07512D6E4E8002D9843 /* GitHubContributorImp.h */,
				FC05E07612D6E4E8002D9843 /* GitHubContributorImp.m */,
				FC05E07712D6E4E8002D9843 /* GitHubRepositoryImp.h */,
				FC05E07812D6E4E8002D9843 /* GitHubRepositoryImp.m */,
				FC05E07912D6E4E8002D9843 /* GitHubTagImp.h */,
				FC05E07A12D6E4E8002D9843 /* GitHubTagImp.m */,
				FC05E07B12D6E4E8002D9843 /* GitHubRepositoryFactory.h */,
				FC05E07C12D6E4E8002D9843 /* GitHubRepositoryFactory.m */,
				FC05E07D12D6E4E8002D9843 /* GitHubCollaboratorFactory.h */,
				FC05E07E12D6E4E8002D9843 /* GitHubCollaboratorFactory.m */,
				FC05E07F12D6E4E8002D9843 /* GitHubWatcherFactory.h */,
				FC05E08012D6E4E8002D9843 /* GitHubWatcherFactory.m */,
				FC05E08112D6E4E8002D9843 /* GitHubContributorFactory.h */,
				FC05E08212D6E4E8002D9843 /* GitHubContributorFactory.m */,
				FC05E08312D6E4E8002D9843 /* GitHubBranchFactory.h */,
				FC05E08412D6E4E8002D9843 /* GitHubBranchFactory.m */,
				FC05E08512D6E4E8002D9843 /* GitHubTagFactory.h */,
				FC05E08612D6E4E8002D9843 /* GitHubTagFactory.m */,
				FC05E08712D6E4E8002D9843 /* GitHubRepositoryPoster.h */,
				FC05E08812D6E4E8002D9843 /* GitHubRepositoryPoster.m */,
				FC05E08912D6E4E8002D9843 /* GitHubRepositoryServiceFactory.m */,
			);
			path = RepositoryService;
			sourceTree = "<group>";
		};
		FC05E08A12D6E4E8002D9843 /* UserService */ = {
			isa = PBXGroup;
			children = (
				FC05E08B12D6E4E8002D9843 /* GitHubUserImp.h */,
				FC05E08C12D6E4E8002D9843 /* GitHubUserImp.m */,
				FC05E08D12D6E4E8002D9843 /* GitHubUserFactory.h */,
				FC05E08E12D6E4E8002D9843 /* GitHubUserFactory.m */,
				FC05E08F12D6E4E8002D9843 /* GitHubUserNameFactory.h */,
				FC05E09012D6E4E8002D9843 /* GitHubUserNameFactory.m */,
				FC05E09112D6E4E8002D9843 /* GitHubUserSearchFactory.h */,
				FC05E09212D6E4E8002D9843 /* GitHubUserSearchFactory.m */,
				FC05E09312D6E4E8002D9843 /* GitHubUserPoster.h */,
				FC05E09412D6E4E8002D9843 /* GitHubUserPoster.m */,
				FC05E09512D6E4E8002D9843 /* GitHubUserServiceFactory.m */,
			);
			path = UserService;
			sourceTree = "<group>";
		};
		FC1D782512D7F65100AA4AB1 /* Model */ = {
			isa = PBXGroup;
			children = (
				FC39280F12D6A0CB00F5A82A /* GHTableModel.h */,
				FC39281012D6A0CB00F5A82A /* GHTableModel.m */,
				FC1D782612D7F65F00AA4AB1 /* GHReposTableModel.h */,
				FC1D782712D7F65F00AA4AB1 /* GHReposTableModel.m */,
				FC1D7A1712D8050000AA4AB1 /* GHCommitsTableModel.h */,
				FC1D7A1812D8050000AA4AB1 /* GHCommitsTableModel.m */,
				FCC8A9E112DBC3FF0027A6D1 /* GHChangesTableModel.h */,
				FCC8A9E212DBC3FF0027A6D1 /* GHChangesTableModel.m */,
			);
			name = Model;
			sourceTree = "<group>";
		};
		FC1D78CE12D7FC9400AA4AB1 /* Categories */ = {
			isa = PBXGroup;
			children = (
				FC1D78CF12D7FCC000AA4AB1 /* UITableViewCell+Extension.h */,
				FC1D78D012D7FCC000AA4AB1 /* UITableViewCell+Extension.m */,
				FC7F763D12DE323500BD23BB /* UIBarButtonItem+Custom.h */,
				FC7F763E12DE323500BD23BB /* UIBarButtonItem+Custom.m */,
			);
			name = Categories;
			sourceTree = "<group>";
		};
		FC1D78EC12D7FE0E00AA4AB1 /* View Controller */ = {
			isa = PBXGroup;
			children = (
				FC1D78ED12D7FE1A00AA4AB1 /* GHTableViewController.h */,
				FC1D78EE12D7FE1A00AA4AB1 /* GHTableViewController.m */,
				FC32581C12D6738E00EB47A3 /* GHReposTableViewController.h */,
				FC32581D12D6738E00EB47A3 /* GHReposTableViewController.m */,
				FC1D7A2512D806B700AA4AB1 /* GHCommitsTableViewController.h */,
				FC1D7A2612D806B700AA4AB1 /* GHCommitsTableViewController.m */,
				FCC39D5812DAB4D100364773 /* GHChangesTableViewController.h */,
				FCC39D5912DAB4D100364773 /* GHChangesTableViewController.m */,
				FC63C8EE12DEDFEA00C3FF5C /* GHDiffViewController.h */,
				FC63C8EF12DEDFEA00C3FF5C /* GHDiffViewController.m */,
				FC63C8F012DEDFEA00C3FF5C /* GHDiffViewController.xib */,
				FC7F765F12DE657A00BD23BB /* Components */,
				FC7F764512DE3A8500BD23BB /* Settings */,
			);
			name = "View Controller";
			sourceTree = "<group>";
		};
		FC3257F712D6738E00EB47A3 = {
			isa = PBXGroup;
			children = (
				FC05E02512D6E4DE002D9843 /* GitHub API */,
				FC3927F412D69FC500F5A82A /* LRTableModel */,
				FC1D78CE12D7FC9400AA4AB1 /* Categories */,
				FC3257FE12D6738E00EB47A3 /* Classes */,
				FC3257FF12D6738E00EB47A3 /* Other Sources */,
				FC32580012D6738E00EB47A3 /* Resources */,
				FC32580112D6738E00EB47A3 /* Frameworks */,
				FC32580712D6738E00EB47A3 /* Products */,
				FC32582212D6738E00EB47A3 /* Tests */,
			);
			sourceTree = "<group>";
		};
		FC3257FE12D6738E00EB47A3 /* Classes */ = {
			isa = PBXGroup;
			children = (
				FC32581612D6738E00EB47A3 /* AppDelegate.h */,
				FC32581712D6738E00EB47A3 /* AppDelegate.m */,
				FC8B40B712DD334E00197CBD /* View */,
				FC1D78EC12D7FE0E00AA4AB1 /* View Controller */,
				FC1D782512D7F65100AA4AB1 /* Model */,
				FC7F764A12DE461900BD23BB /* Helper */,
			);
			path = Classes;
			sourceTree = "<group>";
		};
		FC3257FF12D6738E00EB47A3 /* Other Sources */ = {
			isa = PBXGroup;
			children = (
				FC32581012D6738E00EB47A3 /* Githood-Prefix.pch */,
				FC32581412D6738E00EB47A3 /* Githood-main.m */,
				FC32582D12D6738E00EB47A3 /* GithoodTests-Prefix.pch */,
			);
			name = "Other Sources";
			sourceTree = "<group>";
		};
		FC32580012D6738E00EB47A3 /* Resources */ = {
			isa = PBXGroup;
			children = (
				FC8CBC3412E2D3AF004B3F43 /* Icon.png */,
				FC8CBC3512E2D3AF004B3F43 /* Icon@2x.png */,
				FC7F764012DE382A00BD23BB /* 262.png */,
				FC7F765D12DE5BCA00BD23BB /* 262@2x.png */,
				FC7F763B12DE320B00BD23BB /* 261.png */,
				FC39275912D67A2500F5A82A /* navigation_bar.png */,
				FC1D7D4512D8460100AA4AB1 /* navigation_bar2.png */,
				FC32580F12D6738E00EB47A3 /* Githood-Info.plist */,
				FC32581112D6738E00EB47A3 /* InfoPlist.strings */,
				FC32581912D6738E00EB47A3 /* MainWindow.xib */,
				FC32582C12D6738E00EB47A3 /* GithoodTests-Info.plist */,
				FC32582E12D6738E00EB47A3 /* InfoPlist.strings */,
				FC63C8F312DEE30000C3FF5C /* diff.template.html */,
				FCFF6FB112E961A10050217F /* Default.png */,
			);
			name = Resources;
			sourceTree = "<group>";
		};
		FC32580112D6738E00EB47A3 /* Frameworks */ = {
			isa = PBXGroup;
			children = (
				FC74FD7E12E0E30500D13BF6 /* AudioToolbox.framework */,
				FC32580912D6738E00EB47A3 /* UIKit.framework */,
				FC32580B12D6738E00EB47A3 /* Foundation.framework */,
				FC32580D12D6738E00EB47A3 /* CoreGraphics.framework */,
				FC1D7C0512D8145000AA4AB1 /* QuartzCore.framework */,
			);
			name = Frameworks;
			sourceTree = "<group>";
		};
		FC32580712D6738E00EB47A3 /* Products */ = {
			isa = PBXGroup;
			children = (
				FC32580612D6738E00EB47A3 /* Githood.app */,
				FC32582812D6738E00EB47A3 /* GithoodTests.octest */,
			);
			name = Products;
			sourceTree = "<group>";
		};
		FC32582212D6738E00EB47A3 /* Tests */ = {
			isa = PBXGroup;
			children = (
				FC32583012D6738E00EB47A3 /* GithoodTests.h */,
				FC32583212D6738E00EB47A3 /* GithoodTests.m */,
			);
			path = Tests;
			sourceTree = "<group>";
		};
		FC3927F412D69FC500F5A82A /* LRTableModel */ = {
			isa = PBXGroup;
			children = (
				FC3927F512D69FC500F5A82A /* LRTableModel.h */,
				FC3927F612D69FC500F5A82A /* LRTableModelCellProvider.h */,
				FC3927F712D69FC500F5A82A /* LRTableModelEvent.h */,
				FC3927F812D69FC500F5A82A /* LRTableModelEvent.m */,
				FC3927F912D69FC500F5A82A /* LRTableModelEventListener.h */,
				FC3927FA12D69FC500F5A82A /* LRAbstractTableModel.h */,
				FC3927FB12D69FC500F5A82A /* LRAbstractTableModel.m */,
			);
			name = LRTableModel;
			path = vendor/LRTableModel/Classes/LRTableModel;
			sourceTree = "<group>";
		};
		FC40113E12DD81840050B3E1 /* Status Items */ = {
			isa = PBXGroup;
			children = (
				FC40112E12DD623C0050B3E1 /* GHStatusBarButtonController.h */,
				FC40112F12DD623C0050B3E1 /* GHStatusBarButtonController.m */,
				FC40113812DD671D0050B3E1 /* GHCountStatusItemController.h */,
				FC40113912DD671D0050B3E1 /* GHCountStatusItemController.m */,
				FC40113112DD63C70050B3E1 /* GHCountStatusItemController.xib */,
				FC40113F12DD81B10050B3E1 /* GHChangesStatusItemController.h */,
				FC40114012DD81B10050B3E1 /* GHChangesStatusItemController.m */,
				FC40114612DD837B0050B3E1 /* GHChangesStatusItemController.xib */,
				FC74FD8012E0EFE000D13BF6 /* GHDiffStatusItemController.h */,
				FC74FD8112E0EFE000D13BF6 /* GHDiffStatusItemController.m */,
				FC74FD8312E0F0ED00D13BF6 /* GHDiffStatusItemController.xib */,
			);
			name = "Status Items";
			sourceTree = "<group>";
		};
		FC7F764512DE3A8500BD23BB /* Settings */ = {
			isa = PBXGroup;
			children = (
				FC7F764212DE3A7900BD23BB /* GHSettingsViewController.h */,
				FC7F764312DE3A7900BD23BB /* GHSettingsViewController.m */,
			);
			name = Settings;
			sourceTree = "<group>";
		};
		FC7F764A12DE461900BD23BB /* Helper */ = {
			isa = PBXGroup;
			children = (
				FC7F764B12DE462E00BD23BB /* GHStyler.h */,
				FC7F764C12DE462E00BD23BB /* GHStyler.m */,
				FC4E4CAD12DEF9020009C77F /* GHWebView.h */,
				FC4E4CAE12DEF9020009C77F /* GHWebView.m */,
			);
			name = Helper;
			sourceTree = "<group>";
		};
		FC7F765F12DE657A00BD23BB /* Components */ = {
			isa = PBXGroup;
			children = (
				FC40113B12DD78700050B3E1 /* GHRefreshController.h */,
				FC40113C12DD78700050B3E1 /* GHRefreshController.m */,
				FC40113E12DD81840050B3E1 /* Status Items */,
				FC7F766012DE65FF00BD23BB /* GHDockingTableHeaderViewController.h */,
				FC7F766112DE65FF00BD23BB /* GHDockingTableHeaderViewController.m */,
			);
			name = Components;
			sourceTree = "<group>";
		};
		FC8B40B712DD334E00197CBD /* View */ = {
			isa = PBXGroup;
			children = (
				FC8B40B812DD338600197CBD /* GHHeaderView.h */,
				FC8B40B912DD338600197CBD /* GHHeaderView.m */,
				FC7F765A12DE4A5900BD23BB /* GHGroupedTableView.h */,
				FC7F765B12DE4A5900BD23BB /* GHGroupedTableView.m */,
			);
			name = View;
			sourceTree = "<group>";
		};
/* End PBXGroup section */

/* Begin PBXNativeTarget section */
		FC32580512D6738E00EB47A3 /* Githood */ = {
			isa = PBXNativeTarget;
			buildConfigurationList = FC32583812D6738E00EB47A3 /* Build configuration list for PBXNativeTarget "Githood" */;
			buildPhases = (
				FC32580212D6738E00EB47A3 /* Sources */,
				FC32580312D6738E00EB47A3 /* Frameworks */,
				FC32580412D6738E00EB47A3 /* Resources */,
			);
			buildRules = (
			);
			dependencies = (
			);
			name = Githood;
			productName = Githood;
			productReference = FC32580612D6738E00EB47A3 /* Githood.app */;
			productType = "com.apple.product-type.application";
		};
		FC32582712D6738E00EB47A3 /* GithoodTests */ = {
			isa = PBXNativeTarget;
			buildConfigurationList = FC32583B12D6738E00EB47A3 /* Build configuration list for PBXNativeTarget "GithoodTests" */;
			buildPhases = (
				FC32582312D6738E00EB47A3 /* Sources */,
				FC32582412D6738E00EB47A3 /* Frameworks */,
				FC32582512D6738E00EB47A3 /* Resources */,
				FC32582612D6738E00EB47A3 /* ShellScript */,
			);
			buildRules = (
			);
			dependencies = (
			);
			name = GithoodTests;
			productName = GithoodTests;
			productReference = FC32582812D6738E00EB47A3 /* GithoodTests.octest */;
			productType = "com.apple.product-type.bundle";
		};
/* End PBXNativeTarget section */

/* Begin PBXProject section */
		FC3257F912D6738E00EB47A3 /* Project object */ = {
			isa = PBXProject;
			buildConfigurationList = FC3257FC12D6738E00EB47A3 /* Build configuration list for PBXProject "Githood" */;
			compatibilityVersion = "Xcode 3.2";
			developmentRegion = English;
			hasScannedForEncodings = 0;
			knownRegions = (
				en,
			);
			mainGroup = FC3257F712D6738E00EB47A3;
			productRefGroup = FC32580712D6738E00EB47A3 /* Products */;
			projectDirPath = "";
			projectRoot = "";
			targets = (
				FC32580512D6738E00EB47A3 /* Githood */,
				FC32582712D6738E00EB47A3 /* GithoodTests */,
			);
		};
/* End PBXProject section */

/* Begin PBXResourcesBuildPhase section */
		FC32580412D6738E00EB47A3 /* Resources */ = {
			isa = PBXResourcesBuildPhase;
			buildActionMask = 2147483647;
			files = (
				FC32581312D6738E00EB47A3 /* InfoPlist.strings in Resources */,
				FC32581B12D6738E00EB47A3 /* MainWindow.xib in Resources */,
				FC39275A12D67A2500F5A82A /* navigation_bar.png in Resources */,
				FC1D7D4612D8460100AA4AB1 /* navigation_bar2.png in Resources */,
				FC40113212DD63C70050B3E1 /* GHCountStatusItemController.xib in Resources */,
				FC40114712DD837B0050B3E1 /* GHChangesStatusItemController.xib in Resources */,
				FC7F763C12DE320B00BD23BB /* 261.png in Resources */,
				FC7F764112DE382A00BD23BB /* 262.png in Resources */,
				FC7F765E12DE5BCA00BD23BB /* 262@2x.png in Resources */,
				FC63C8F212DEDFEA00C3FF5C /* GHDiffViewController.xib in Resources */,
				FC63C8F412DEE30000C3FF5C /* diff.template.html in Resources */,
				FC74FD8412E0F0ED00D13BF6 /* GHDiffStatusItemController.xib in Resources */,
				FC8CBC3612E2D3AF004B3F43 /* Icon.png in Resources */,
				FC8CBC3712E2D3AF004B3F43 /* Icon@2x.png in Resources */,
				FCFF6FB212E961A10050217F /* Default.png in Resources */,
			);
			runOnlyForDeploymentPostprocessing = 0;
		};
		FC32582512D6738E00EB47A3 /* Resources */ = {
			isa = PBXResourcesBuildPhase;
			buildActionMask = 2147483647;
			files = (
				FC32582F12D6738E00EB47A3 /* InfoPlist.strings in Resources */,
				FC32583112D6738E00EB47A3 /* GithoodTests.h in Resources */,
				FCFF6FB312E961A10050217F /* Default.png in Resources */,
			);
			runOnlyForDeploymentPostprocessing = 0;
		};
/* End PBXResourcesBuildPhase section */

/* Begin PBXShellScriptBuildPhase section */
		FC32582612D6738E00EB47A3 /* ShellScript */ = {
			isa = PBXShellScriptBuildPhase;
			buildActionMask = 2147483647;
			files = (
			);
			inputPaths = (
			);
			outputPaths = (
			);
			runOnlyForDeploymentPostprocessing = 0;
			shellPath = /bin/sh;
			shellScript = "# Run the unit tests in this test bundle.\n\"${SYSTEM_DEVELOPER_DIR}/Tools/RunUnitTests\"\n";
		};
/* End PBXShellScriptBuildPhase section */

/* Begin PBXSourcesBuildPhase section */
		FC32580212D6738E00EB47A3 /* Sources */ = {
			isa = PBXSourcesBuildPhase;
			buildActionMask = 2147483647;
			files = (
				FC32581512D6738E00EB47A3 /* Githood-main.m in Sources */,
				FC32581812D6738E00EB47A3 /* AppDelegate.m in Sources */,
				FC32581E12D6738E00EB47A3 /* GHReposTableViewController.m in Sources */,
				FC3927FC12D69FC500F5A82A /* LRTableModelEvent.m in Sources */,
				FC3927FD12D69FC500F5A82A /* LRAbstractTableModel.m in Sources */,
				FC39281112D6A0CB00F5A82A /* GHTableModel.m in Sources */,
				FC05E09612D6E4E8002D9843 /* GitHubBaseFactory.m in Sources */,
				FC05E09712D6E4E8002D9843 /* GitHubServiceSettings.m in Sources */,
				FC05E09812D6E4E8002D9843 /* GitHubCommitImp.m in Sources */,
				FC05E09912D6E4E8002D9843 /* GitHubCommitFactory.m in Sources */,
				FC05E09A12D6E4E8002D9843 /* GitHubCommitServiceFactory.m in Sources */,
				FC05E09B12D6E4E8002D9843 /* GitHubIssueImp.m in Sources */,
				FC05E09C12D6E4E8002D9843 /* GitHubCommentImp.m in Sources */,
				FC05E09D12D6E4E8002D9843 /* GitHubIssueFactory.m in Sources */,
				FC05E09E12D6E4E8002D9843 /* GitHubLabelFactory.m in Sources */,
				FC05E09F12D6E4E8002D9843 /* GitHubCommentFactory.m in Sources */,
				FC05E0A012D6E4E8002D9843 /* GitHubIssueServiceFactory.m in Sources */,
				FC05E0A112D6E4E8002D9843 /* GitHubTreeItemImp.m in Sources */,
				FC05E0A212D6E4E8002D9843 /* GitHubBlobImp.m in Sources */,
				FC05E0A312D6E4E8002D9843 /* GitHubDataFactory.m in Sources */,
				FC05E0A412D6E4E8002D9843 /* GitHubBlobFactory.m in Sources */,
				FC05E0A512D6E4E8002D9843 /* GitHubTreeItemFactory.m in Sources */,
				FC05E0A612D6E4E8002D9843 /* GitHubObjectServiceFactory.m in Sources */,
				FC05E0A712D6E4E8002D9843 /* GitHubBranchImp.m in Sources */,
				FC05E0A812D6E4E8002D9843 /* GitHubContributorImp.m in Sources */,
				FC05E0A912D6E4E8002D9843 /* GitHubRepositoryImp.m in Sources */,
				FC05E0AA12D6E4E8002D9843 /* GitHubTagImp.m in Sources */,
				FC05E0AB12D6E4E8002D9843 /* GitHubRepositoryFactory.m in Sources */,
				FC05E0AC12D6E4E8002D9843 /* GitHubCollaboratorFactory.m in Sources */,
				FC05E0AD12D6E4E8002D9843 /* GitHubWatcherFactory.m in Sources */,
				FC05E0AE12D6E4E8002D9843 /* GitHubContributorFactory.m in Sources */,
				FC05E0AF12D6E4E8002D9843 /* GitHubBranchFactory.m in Sources */,
				FC05E0B012D6E4E8002D9843 /* GitHubTagFactory.m in Sources */,
				FC05E0B112D6E4E8002D9843 /* GitHubRepositoryPoster.m in Sources */,
				FC05E0B212D6E4E8002D9843 /* GitHubRepositoryServiceFactory.m in Sources */,
				FC05E0B312D6E4E8002D9843 /* GitHubUserImp.m in Sources */,
				FC05E0B412D6E4E8002D9843 /* GitHubUserFactory.m in Sources */,
				FC05E0B512D6E4E8002D9843 /* GitHubUserNameFactory.m in Sources */,
				FC05E0B612D6E4E8002D9843 /* GitHubUserSearchFactory.m in Sources */,
				FC05E0B712D6E4E8002D9843 /* GitHubUserPoster.m in Sources */,
				FC05E0B812D6E4E8002D9843 /* GitHubUserServiceFactory.m in Sources */,
				FC1D782812D7F65F00AA4AB1 /* GHReposTableModel.m in Sources */,
				FC1D78D112D7FCC000AA4AB1 /* UITableViewCell+Extension.m in Sources */,
				FC1D78EF12D7FE1A00AA4AB1 /* GHTableViewController.m in Sources */,
				FC1D7A1912D8050000AA4AB1 /* GHCommitsTableModel.m in Sources */,
				FC1D7A2712D806B700AA4AB1 /* GHCommitsTableViewController.m in Sources */,
				FCC39D5B12DAB4D100364773 /* GHChangesTableViewController.m in Sources */,
				FCC8A9E312DBC3FF0027A6D1 /* GHChangesTableModel.m in Sources */,
				FC8B40BA12DD338600197CBD /* GHHeaderView.m in Sources */,
				FC40113012DD623C0050B3E1 /* GHStatusBarButtonController.m in Sources */,
				FC40113A12DD671D0050B3E1 /* GHCountStatusItemController.m in Sources */,
				FC40113D12DD78700050B3E1 /* GHRefreshController.m in Sources */,
				FC40114212DD81B10050B3E1 /* GHChangesStatusItemController.m in Sources */,
				FC7F763F12DE323500BD23BB /* UIBarButtonItem+Custom.m in Sources */,
				FC7F764412DE3A7900BD23BB /* GHSettingsViewController.m in Sources */,
				FC7F764D12DE462E00BD23BB /* GHStyler.m in Sources */,
				FC7F765C12DE4A5900BD23BB /* GHGroupedTableView.m in Sources */,
				FC7F766212DE65FF00BD23BB /* GHDockingTableHeaderViewController.m in Sources */,
				FC63C8F112DEDFEA00C3FF5C /* GHDiffViewController.m in Sources */,
				FC4E4CAF12DEF9020009C77F /* GHWebView.m in Sources */,
				FC74FD8212E0EFE000D13BF6 /* GHDiffStatusItemController.m in Sources */,
			);
			runOnlyForDeploymentPostprocessing = 0;
		};
		FC32582312D6738E00EB47A3 /* Sources */ = {
			isa = PBXSourcesBuildPhase;
			buildActionMask = 2147483647;
			files = (
				FC32583312D6738E00EB47A3 /* GithoodTests.m in Sources */,
			);
			runOnlyForDeploymentPostprocessing = 0;
		};
/* End PBXSourcesBuildPhase section */

/* Begin PBXVariantGroup section */
		FC32581112D6738E00EB47A3 /* InfoPlist.strings */ = {
			isa = PBXVariantGroup;
			children = (
				FC32581212D6738E00EB47A3 /* en */,
			);
			name = InfoPlist.strings;
			sourceTree = "<group>";
		};
		FC32581912D6738E00EB47A3 /* MainWindow.xib */ = {
			isa = PBXVariantGroup;
			children = (
				FC32581A12D6738E00EB47A3 /* en */,
			);
			name = MainWindow.xib;
			sourceTree = "<group>";
		};
/* End PBXVariantGroup section */

/* Begin XCBuildConfiguration section */
		FC32583412D6738E00EB47A3 /* Debug */ = {
			isa = XCBuildConfiguration;
			buildSettings = {
				ARCHS = "$(ARCHS_STANDARD_32_BIT)";
				CODE_SIGN_IDENTITY = "iPhone Developer";
				"CODE_SIGN_IDENTITY[sdk=iphoneos*]" = "iPhone Developer";
				GCC_C_LANGUAGE_STANDARD = c99;
				GCC_OPTIMIZATION_LEVEL = 0;
				GCC_PREPROCESSOR_DEFINITIONS = DEBUG;
				GCC_VERSION = com.apple.compilers.llvm.clang.1_0;
				GCC_WARN_ABOUT_RETURN_TYPE = YES;
				GCC_WARN_SHADOW = YES;
				GCC_WARN_UNUSED_VARIABLE = YES;
				IPHONEOS_DEPLOYMENT_TARGET = 4.2;
				OTHER_CFLAGS = (
					"-Xclang",
					"-fobjc-nonfragile-abi2",
				);
				PREBINDING = NO;
				PROVISIONING_PROFILE = "";
				"PROVISIONING_PROFILE[sdk=iphoneos*]" = "";
				SDKROOT = iphoneos;
			};
			name = Debug;
		};
		FC32583512D6738E00EB47A3 /* Release */ = {
			isa = XCBuildConfiguration;
			buildSettings = {
				ARCHS = "$(ARCHS_STANDARD_32_BIT)";
				CODE_SIGN_IDENTITY = "iPhone Distribution: Jonathan Sterling";
				"CODE_SIGN_IDENTITY[sdk=iphoneos*]" = "iPhone Distribution: Jonathan Sterling";
				GCC_C_LANGUAGE_STANDARD = c99;
				GCC_VERSION = com.apple.compilers.llvm.clang.1_0;
				GCC_WARN_ABOUT_RETURN_TYPE = YES;
				GCC_WARN_UNUSED_VARIABLE = YES;
				IPHONEOS_DEPLOYMENT_TARGET = 4.2;
				OTHER_CFLAGS = (
					"-Xclang",
					"-fobjc-nonfragile-abi2",
				);
				PREBINDING = NO;
				PROVISIONING_PROFILE = "2410D48A-1C5D-4C76-9895-5532095EBB19";
				"PROVISIONING_PROFILE[sdk=iphoneos*]" = "2410D48A-1C5D-4C76-9895-5532095EBB19";
				SDKROOT = iphoneos;
			};
			name = Release;
		};
		FC32583612D6738E00EB47A3 /* Debug */ = {
			isa = XCBuildConfiguration;
			buildSettings = {
			};
			name = Debug;
		};
		FC32583712D6738E00EB47A3 /* Release */ = {
			isa = XCBuildConfiguration;
			buildSettings = {
			};
			name = Release;
		};
		FC32583912D6738E00EB47A3 /* Debug */ = {
			isa = XCBuildConfiguration;
			buildSettings = {
				ALWAYS_SEARCH_USER_PATHS = NO;
				COPY_PHASE_STRIP = NO;
				GCC_DYNAMIC_NO_PIC = NO;
				GCC_PRECOMPILE_PREFIX_HEADER = YES;
				GCC_PREFIX_HEADER = "Githood-Prefix.pch";
				INFOPLIST_FILE = "Githood-Info.plist";
				LIBRARY_SEARCH_PATHS = (
					"$(inherited)",
				);
				OTHER_CFLAGS = "";
				PRODUCT_NAME = "$(TARGET_NAME)";
				WRAPPER_EXTENSION = app;
			};
			name = Debug;
		};
		FC32583A12D6738E00EB47A3 /* Release */ = {
			isa = XCBuildConfiguration;
			buildSettings = {
				ALWAYS_SEARCH_USER_PATHS = NO;
				COPY_PHASE_STRIP = YES;
				GCC_PRECOMPILE_PREFIX_HEADER = YES;
				GCC_PREFIX_HEADER = "Githood-Prefix.pch";
				INFOPLIST_FILE = "Githood-Info.plist";
				LIBRARY_SEARCH_PATHS = (
					"$(inherited)",
				);
				OTHER_CFLAGS = "";
				PRODUCT_NAME = githood;
				VALIDATE_PRODUCT = YES;
				WRAPPER_EXTENSION = app;
			};
			name = Release;
		};
		FC32583C12D6738E00EB47A3 /* Debug */ = {
			isa = XCBuildConfiguration;
			buildSettings = {
				ALWAYS_SEARCH_USER_PATHS = NO;
				FRAMEWORK_SEARCH_PATHS = (
					"$(SDKROOT)/Developer/Library/Frameworks",
					"$(DEVELOPER_LIBRARY_DIR)/Frameworks",
				);
				GCC_PRECOMPILE_PREFIX_HEADER = YES;
				GCC_PREFIX_HEADER = "GithoodTests-Prefix.pch";
				INFOPLIST_FILE = "GithoodTests-Info.plist";
				IPHONEOS_DEPLOYMENT_TARGET = 4.2;
				OTHER_LDFLAGS = (
					"-framework",
					SenTestingKit,
				);
				PRODUCT_NAME = "$(TARGET_NAME)";
				WRAPPER_EXTENSION = octest;
			};
			name = Debug;
		};
		FC32583D12D6738E00EB47A3 /* Release */ = {
			isa = XCBuildConfiguration;
			buildSettings = {
				ALWAYS_SEARCH_USER_PATHS = NO;
				FRAMEWORK_SEARCH_PATHS = (
					"$(SDKROOT)/Developer/Library/Frameworks",
					"$(DEVELOPER_LIBRARY_DIR)/Frameworks",
				);
				GCC_PRECOMPILE_PREFIX_HEADER = YES;
				GCC_PREFIX_HEADER = "GithoodTests-Prefix.pch";
				INFOPLIST_FILE = "GithoodTests-Info.plist";
				IPHONEOS_DEPLOYMENT_TARGET = 4.2;
				OTHER_LDFLAGS = (
					"-framework",
					SenTestingKit,
				);
				PRODUCT_NAME = "$(TARGET_NAME)";
				WRAPPER_EXTENSION = octest;
			};
			name = Release;
		};
		FC32583E12D6738E00EB47A3 /* Debug */ = {
			isa = XCBuildConfiguration;
			buildSettings = {
				COPY_PHASE_STRIP = NO;
				GCC_DYNAMIC_NO_PIC = NO;
				GCC_OPTIMIZATION_LEVEL = 0;
				PRODUCT_NAME = GithoodTests;
			};
			name = Debug;
		};
		FC32583F12D6738E00EB47A3 /* Release */ = {
			isa = XCBuildConfiguration;
			buildSettings = {
				COPY_PHASE_STRIP = YES;
				DEBUG_INFORMATION_FORMAT = "dwarf-with-dsym";
				PRODUCT_NAME = GithoodTests;
			};
			name = Release;
		};
/* End XCBuildConfiguration section */

/* Begin XCConfigurationList section */
		FC3257FC12D6738E00EB47A3 /* Build configuration list for PBXProject "Githood" */ = {
			isa = XCConfigurationList;
			buildConfigurations = (
				FC32583412D6738E00EB47A3 /* Debug */,
				FC32583512D6738E00EB47A3 /* Release */,
				FC32583612D6738E00EB47A3 /* Debug */,
				FC32583712D6738E00EB47A3 /* Release */,
			);
			defaultConfigurationIsVisible = 0;
			defaultConfigurationName = Release;
		};
		FC32583812D6738E00EB47A3 /* Build configuration list for PBXNativeTarget "Githood" */ = {
			isa = XCConfigurationList;
			buildConfigurations = (
				FC32583912D6738E00EB47A3 /* Debug */,
				FC32583A12D6738E00EB47A3 /* Release */,
			);
			defaultConfigurationIsVisible = 0;
			defaultConfigurationName = Release;
		};
		FC32583B12D6738E00EB47A3 /* Build configuration list for PBXNativeTarget "GithoodTests" */ = {
			isa = XCConfigurationList;
			buildConfigurations = (
				FC32583C12D6738E00EB47A3 /* Debug */,
				FC32583D12D6738E00EB47A3 /* Release */,
				FC32583E12D6738E00EB47A3 /* Debug */,
				FC32583F12D6738E00EB47A3 /* Release */,
			);
			defaultConfigurationIsVisible = 0;
			defaultConfigurationName = Release;
		};
/* End XCConfigurationList section */
	};
	rootObject = FC3257F912D6738E00EB47A3 /* Project object */;
}
